// !$*UTF8*$!
{
	archiveVersion = 1;
	classes = {
	};
	objectVersion = 56;
	objects = {

/* Begin PBXBuildFile section */
		12EC9AA51B64AEE5A443FBBE /* Pods_Rick_MortyTests.framework in Frameworks */ = {isa = PBXBuildFile; fileRef = 95BEEAD711DE77E0DCEACC8E /* Pods_Rick_MortyTests.framework */; };
		62FF2ADDB8E888604F378D9C /* Pods_Rick_Morty_Rick_MortyUITests.framework in Frameworks */ = {isa = PBXBuildFile; fileRef = 078497804E642597C38062F8 /* Pods_Rick_Morty_Rick_MortyUITests.framework */; };
		74EB350A54C82CE7EAD4A659 /* Pods_Rick_Morty.framework in Frameworks */ = {isa = PBXBuildFile; fileRef = EE8303C79FF9FB60EADF570B /* Pods_Rick_Morty.framework */; };
		FA4D501629A533B4009D9950 /* NetworkManager.swift in Sources */ = {isa = PBXBuildFile; fileRef = FA4D501529A533B4009D9950 /* NetworkManager.swift */; };
		FA4D501929A57A75009D9950 /* UserProfileView.swift in Sources */ = {isa = PBXBuildFile; fileRef = FA4D501829A57A75009D9950 /* UserProfileView.swift */; };
		FA4D501B29A57ADE009D9950 /* UserProfileView.xib in Resources */ = {isa = PBXBuildFile; fileRef = FA4D501A29A57ADE009D9950 /* UserProfileView.xib */; };
		FA4D501D29A57DCB009D9950 /* UserModel.swift in Sources */ = {isa = PBXBuildFile; fileRef = FA4D501C29A57DCB009D9950 /* UserModel.swift */; };
		FA4D501F29A60652009D9950 /* HomeViewModelTests.swift in Sources */ = {isa = PBXBuildFile; fileRef = FA4D501E29A60652009D9950 /* HomeViewModelTests.swift */; };
		FA5EE5B4299EC60B00F7C6D9 /* BaseView.swift in Sources */ = {isa = PBXBuildFile; fileRef = FA5EE5B3299EC60B00F7C6D9 /* BaseView.swift */; };
		FA5EE5B7299EC6C000F7C6D9 /* UIView+Extensions.swift in Sources */ = {isa = PBXBuildFile; fileRef = FA5EE5B6299EC6C000F7C6D9 /* UIView+Extensions.swift */; };
		FA5EE5BC299ECBCB00F7C6D9 /* RegisterViewController.swift in Sources */ = {isa = PBXBuildFile; fileRef = FA5EE5BA299ECBCB00F7C6D9 /* RegisterViewController.swift */; };
		FA5EE5BD299ECBCB00F7C6D9 /* RegisterViewController.xib in Resources */ = {isa = PBXBuildFile; fileRef = FA5EE5BB299ECBCB00F7C6D9 /* RegisterViewController.xib */; };
		FA5EE5C0299ECD3100F7C6D9 /* TitledTextField.swift in Sources */ = {isa = PBXBuildFile; fileRef = FA5EE5BF299ECD3100F7C6D9 /* TitledTextField.swift */; };
		FA5EE5C2299ECD4A00F7C6D9 /* TitledTextField.xib in Resources */ = {isa = PBXBuildFile; fileRef = FA5EE5C1299ECD4A00F7C6D9 /* TitledTextField.xib */; };
		FA5EE5C7299ECF8800F7C6D9 /* RegistrationFieldsView.swift in Sources */ = {isa = PBXBuildFile; fileRef = FA5EE5C6299ECF8800F7C6D9 /* RegistrationFieldsView.swift */; };
		FA5EE5CB299ECFDE00F7C6D9 /* RegistrationFieldsView.xib in Resources */ = {isa = PBXBuildFile; fileRef = FA5EE5CA299ECFDE00F7C6D9 /* RegistrationFieldsView.xib */; };
		FA5EE5CD299EF4F400F7C6D9 /* Colors.xcassets in Resources */ = {isa = PBXBuildFile; fileRef = FA5EE5CC299EF4F400F7C6D9 /* Colors.xcassets */; };
		FA5EE5D0299EFCC600F7C6D9 /* CheckmarkTextView.swift in Sources */ = {isa = PBXBuildFile; fileRef = FA5EE5CF299EFCC600F7C6D9 /* CheckmarkTextView.swift */; };
		FA5EE5D2299EFCD100F7C6D9 /* CheckmarkTextView.xib in Resources */ = {isa = PBXBuildFile; fileRef = FA5EE5D1299EFCD100F7C6D9 /* CheckmarkTextView.xib */; };
		FA5EE5D5299EFE3D00F7C6D9 /* CheckmarkBox.swift in Sources */ = {isa = PBXBuildFile; fileRef = FA5EE5D4299EFE3D00F7C6D9 /* CheckmarkBox.swift */; };
		FA5EE5D7299F074F00F7C6D9 /* RegisterViewModel.swift in Sources */ = {isa = PBXBuildFile; fileRef = FA5EE5D6299F074F00F7C6D9 /* RegisterViewModel.swift */; };
		FA5EE5D9299F772800F7C6D9 /* FirebaseManager.swift in Sources */ = {isa = PBXBuildFile; fileRef = FA5EE5D8299F772800F7C6D9 /* FirebaseManager.swift */; };
		FA5EE5DD299F957200F7C6D9 /* SignInViewController.swift in Sources */ = {isa = PBXBuildFile; fileRef = FA5EE5DB299F957200F7C6D9 /* SignInViewController.swift */; };
		FA5EE5DE299F957200F7C6D9 /* SignInViewController.xib in Resources */ = {isa = PBXBuildFile; fileRef = FA5EE5DC299F957200F7C6D9 /* SignInViewController.xib */; };
		FA5EE5E2299F9B4400F7C6D9 /* SignInFieldsView.swift in Sources */ = {isa = PBXBuildFile; fileRef = FA5EE5E1299F9B4400F7C6D9 /* SignInFieldsView.swift */; };
		FA5EE5E4299F9B5300F7C6D9 /* SignInFieldsView.xib in Resources */ = {isa = PBXBuildFile; fileRef = FA5EE5E3299F9B5300F7C6D9 /* SignInFieldsView.xib */; };
		FA5EE5E629A004BA00F7C6D9 /* SignInViewModel.swift in Sources */ = {isa = PBXBuildFile; fileRef = FA5EE5E529A004BA00F7C6D9 /* SignInViewModel.swift */; };
		FA5EE5E829A00E4700F7C6D9 /* UIViewController+Extensions.swift in Sources */ = {isa = PBXBuildFile; fileRef = FA5EE5E729A00E4700F7C6D9 /* UIViewController+Extensions.swift */; };
		FA5EE5EC29A015C300F7C6D9 /* HomeViewController.swift in Sources */ = {isa = PBXBuildFile; fileRef = FA5EE5EA29A015C300F7C6D9 /* HomeViewController.swift */; };
		FA5EE5ED29A015C300F7C6D9 /* HomeViewController.xib in Resources */ = {isa = PBXBuildFile; fileRef = FA5EE5EB29A015C300F7C6D9 /* HomeViewController.xib */; };
		FA5EE5F229A016A400F7C6D9 /* CharacterTableViewCell.swift in Sources */ = {isa = PBXBuildFile; fileRef = FA5EE5F029A016A400F7C6D9 /* CharacterTableViewCell.swift */; };
		FA5EE5F329A016A400F7C6D9 /* CharacterTableViewCell.xib in Resources */ = {isa = PBXBuildFile; fileRef = FA5EE5F129A016A400F7C6D9 /* CharacterTableViewCell.xib */; };
		FA5EE5F529A01D3D00F7C6D9 /* CharacterModel.swift in Sources */ = {isa = PBXBuildFile; fileRef = FA5EE5F429A01D3D00F7C6D9 /* CharacterModel.swift */; };
		FA5EE5F729A0368300F7C6D9 /* ServiceManager.swift in Sources */ = {isa = PBXBuildFile; fileRef = FA5EE5F629A0368300F7C6D9 /* ServiceManager.swift */; };
		FA5EE5F929A03AFF00F7C6D9 /* HomeApiManager.swift in Sources */ = {isa = PBXBuildFile; fileRef = FA5EE5F829A03AFF00F7C6D9 /* HomeApiManager.swift */; };
		FA5EE5FB29A03D3900F7C6D9 /* HomeViewModel.swift in Sources */ = {isa = PBXBuildFile; fileRef = FA5EE5FA29A03D3900F7C6D9 /* HomeViewModel.swift */; };
		FA5EE60029A2AB7700F7C6D9 /* CacheManager.swift in Sources */ = {isa = PBXBuildFile; fileRef = FA5EE5FF29A2AB7700F7C6D9 /* CacheManager.swift */; };
		FA5EE60429A3ADA800F7C6D9 /* CharacterDetailsViewController.swift in Sources */ = {isa = PBXBuildFile; fileRef = FA5EE60229A3ADA800F7C6D9 /* CharacterDetailsViewController.swift */; };
		FA5EE60529A3ADA800F7C6D9 /* CharacterDetailsViewController.xib in Resources */ = {isa = PBXBuildFile; fileRef = FA5EE60329A3ADA800F7C6D9 /* CharacterDetailsViewController.xib */; };
		FA5EE60729A3ADC500F7C6D9 /* CharacterDetailsViewModel.swift in Sources */ = {isa = PBXBuildFile; fileRef = FA5EE60629A3ADC500F7C6D9 /* CharacterDetailsViewModel.swift */; };
		FA5EE60C29A3CC8D00F7C6D9 /* CharacterHeaderView.swift in Sources */ = {isa = PBXBuildFile; fileRef = FA5EE60B29A3CC8D00F7C6D9 /* CharacterHeaderView.swift */; };
		FA5EE60E29A3CC9D00F7C6D9 /* CharacterHeaderView.xib in Resources */ = {isa = PBXBuildFile; fileRef = FA5EE60D29A3CC9D00F7C6D9 /* CharacterHeaderView.xib */; };
		FA930138299D8059007F36FA /* AppDelegate.swift in Sources */ = {isa = PBXBuildFile; fileRef = FA930137299D8059007F36FA /* AppDelegate.swift */; };
		FA93013A299D8059007F36FA /* SceneDelegate.swift in Sources */ = {isa = PBXBuildFile; fileRef = FA930139299D8059007F36FA /* SceneDelegate.swift */; };
		FA93013F299D8059007F36FA /* Main.storyboard in Resources */ = {isa = PBXBuildFile; fileRef = FA93013D299D8059007F36FA /* Main.storyboard */; };
		FA930142299D805A007F36FA /* Rick_Morty.xcdatamodeld in Sources */ = {isa = PBXBuildFile; fileRef = FA930140299D805A007F36FA /* Rick_Morty.xcdatamodeld */; };
		FA930144299D806A007F36FA /* Assets.xcassets in Resources */ = {isa = PBXBuildFile; fileRef = FA930143299D806A007F36FA /* Assets.xcassets */; };
		FA930147299D806A007F36FA /* LaunchScreen.storyboard in Resources */ = {isa = PBXBuildFile; fileRef = FA930145299D806A007F36FA /* LaunchScreen.storyboard */; };
		FA930152299D806B007F36FA /* Rick_MortyTests.swift in Sources */ = {isa = PBXBuildFile; fileRef = FA930151299D806B007F36FA /* Rick_MortyTests.swift */; };
		FA93015C299D806B007F36FA /* Rick_MortyUITests.swift in Sources */ = {isa = PBXBuildFile; fileRef = FA93015B299D806B007F36FA /* Rick_MortyUITests.swift */; };
		FA93015E299D806B007F36FA /* Rick_MortyUITestsLaunchTests.swift in Sources */ = {isa = PBXBuildFile; fileRef = FA93015D299D806B007F36FA /* Rick_MortyUITestsLaunchTests.swift */; };
		FAEE463229A405420082013C /* FavoritesViewController.swift in Sources */ = {isa = PBXBuildFile; fileRef = FAEE463029A405420082013C /* FavoritesViewController.swift */; };
		FAEE463329A405420082013C /* FavoritesViewController.xib in Resources */ = {isa = PBXBuildFile; fileRef = FAEE463129A405420082013C /* FavoritesViewController.xib */; };
		FAEE463529A4055F0082013C /* FavoritesViewModel.swift in Sources */ = {isa = PBXBuildFile; fileRef = FAEE463429A4055F0082013C /* FavoritesViewModel.swift */; };
		FAEE463A29A407B80082013C /* CharacterCollectionViewCell.swift in Sources */ = {isa = PBXBuildFile; fileRef = FAEE463829A407B80082013C /* CharacterCollectionViewCell.swift */; };
		FAEE463B29A407B80082013C /* CharacterCollectionViewCell.xib in Resources */ = {isa = PBXBuildFile; fileRef = FAEE463929A407B80082013C /* CharacterCollectionViewCell.xib */; };
/* End PBXBuildFile section */

/* Begin PBXContainerItemProxy section */
		FA93014E299D806B007F36FA /* PBXContainerItemProxy */ = {
			isa = PBXContainerItemProxy;
			containerPortal = FA93012C299D8059007F36FA /* Project object */;
			proxyType = 1;
			remoteGlobalIDString = FA930133299D8059007F36FA;
			remoteInfo = "Rick&Morty";
		};
		FA930158299D806B007F36FA /* PBXContainerItemProxy */ = {
			isa = PBXContainerItemProxy;
			containerPortal = FA93012C299D8059007F36FA /* Project object */;
			proxyType = 1;
			remoteGlobalIDString = FA930133299D8059007F36FA;
			remoteInfo = "Rick&Morty";
		};
/* End PBXContainerItemProxy section */

/* Begin PBXFileReference section */
		078497804E642597C38062F8 /* Pods_Rick_Morty_Rick_MortyUITests.framework */ = {isa = PBXFileReference; explicitFileType = wrapper.framework; includeInIndex = 0; path = Pods_Rick_Morty_Rick_MortyUITests.framework; sourceTree = BUILT_PRODUCTS_DIR; };
		11EDD9120D487F4E81170870 /* Pods-Rick&Morty.dev-rick&morty.xcconfig */ = {isa = PBXFileReference; includeInIndex = 1; lastKnownFileType = text.xcconfig; name = "Pods-Rick&Morty.dev-rick&morty.xcconfig"; path = "Target Support Files/Pods-Rick&Morty/Pods-Rick&Morty.dev-rick&morty.xcconfig"; sourceTree = "<group>"; };
		3A22A2149CCFB60177BA575D /* Pods-Rick&MortyTests.prod-rick&morty.xcconfig */ = {isa = PBXFileReference; includeInIndex = 1; lastKnownFileType = text.xcconfig; name = "Pods-Rick&MortyTests.prod-rick&morty.xcconfig"; path = "Target Support Files/Pods-Rick&MortyTests/Pods-Rick&MortyTests.prod-rick&morty.xcconfig"; sourceTree = "<group>"; };
		3CED7302901CD4EAD86F3C77 /* Pods-Rick&Morty-Rick&MortyUITests.debug.xcconfig */ = {isa = PBXFileReference; includeInIndex = 1; lastKnownFileType = text.xcconfig; name = "Pods-Rick&Morty-Rick&MortyUITests.debug.xcconfig"; path = "Target Support Files/Pods-Rick&Morty-Rick&MortyUITests/Pods-Rick&Morty-Rick&MortyUITests.debug.xcconfig"; sourceTree = "<group>"; };
		4B9E6449861C9D878A589998 /* Pods-Rick&Morty-Rick&MortyUITests.dev-rick&morty.xcconfig */ = {isa = PBXFileReference; includeInIndex = 1; lastKnownFileType = text.xcconfig; name = "Pods-Rick&Morty-Rick&MortyUITests.dev-rick&morty.xcconfig"; path = "Target Support Files/Pods-Rick&Morty-Rick&MortyUITests/Pods-Rick&Morty-Rick&MortyUITests.dev-rick&morty.xcconfig"; sourceTree = "<group>"; };
		4CED1DFBF602CBBCB078254E /* Pods-Rick&Morty.debug.xcconfig */ = {isa = PBXFileReference; includeInIndex = 1; lastKnownFileType = text.xcconfig; name = "Pods-Rick&Morty.debug.xcconfig"; path = "Target Support Files/Pods-Rick&Morty/Pods-Rick&Morty.debug.xcconfig"; sourceTree = "<group>"; };
		5977976788AAAE3FDADB24DD /* Pods-Rick&Morty-Rick&MortyUITests.release.xcconfig */ = {isa = PBXFileReference; includeInIndex = 1; lastKnownFileType = text.xcconfig; name = "Pods-Rick&Morty-Rick&MortyUITests.release.xcconfig"; path = "Target Support Files/Pods-Rick&Morty-Rick&MortyUITests/Pods-Rick&Morty-Rick&MortyUITests.release.xcconfig"; sourceTree = "<group>"; };
		6E030FA3C40EF2A88648674B /* Pods-Rick&Morty-Rick&MortyUITests.prod-rick&morty.xcconfig */ = {isa = PBXFileReference; includeInIndex = 1; lastKnownFileType = text.xcconfig; name = "Pods-Rick&Morty-Rick&MortyUITests.prod-rick&morty.xcconfig"; path = "Target Support Files/Pods-Rick&Morty-Rick&MortyUITests/Pods-Rick&Morty-Rick&MortyUITests.prod-rick&morty.xcconfig"; sourceTree = "<group>"; };
		79204FB0247B5B39FAC34731 /* Pods-Rick&Morty.release.xcconfig */ = {isa = PBXFileReference; includeInIndex = 1; lastKnownFileType = text.xcconfig; name = "Pods-Rick&Morty.release.xcconfig"; path = "Target Support Files/Pods-Rick&Morty/Pods-Rick&Morty.release.xcconfig"; sourceTree = "<group>"; };
		903299C595F5D7C083B5D2BC /* Pods-Rick&Morty.prod-rick&morty.xcconfig */ = {isa = PBXFileReference; includeInIndex = 1; lastKnownFileType = text.xcconfig; name = "Pods-Rick&Morty.prod-rick&morty.xcconfig"; path = "Target Support Files/Pods-Rick&Morty/Pods-Rick&Morty.prod-rick&morty.xcconfig"; sourceTree = "<group>"; };
		95BEEAD711DE77E0DCEACC8E /* Pods_Rick_MortyTests.framework */ = {isa = PBXFileReference; explicitFileType = wrapper.framework; includeInIndex = 0; path = Pods_Rick_MortyTests.framework; sourceTree = BUILT_PRODUCTS_DIR; };
		9F45B0E53B35399F72FEDA20 /* Pods-Rick&MortyTests.debug.xcconfig */ = {isa = PBXFileReference; includeInIndex = 1; lastKnownFileType = text.xcconfig; name = "Pods-Rick&MortyTests.debug.xcconfig"; path = "Target Support Files/Pods-Rick&MortyTests/Pods-Rick&MortyTests.debug.xcconfig"; sourceTree = "<group>"; };
		D4360C6DF6C0C644F72C8A50 /* Pods-Rick&MortyTests.release.xcconfig */ = {isa = PBXFileReference; includeInIndex = 1; lastKnownFileType = text.xcconfig; name = "Pods-Rick&MortyTests.release.xcconfig"; path = "Target Support Files/Pods-Rick&MortyTests/Pods-Rick&MortyTests.release.xcconfig"; sourceTree = "<group>"; };
		D5967BA43C59A64C59246BB0 /* Pods-Rick&MortyTests.dev-rick&morty.xcconfig */ = {isa = PBXFileReference; includeInIndex = 1; lastKnownFileType = text.xcconfig; name = "Pods-Rick&MortyTests.dev-rick&morty.xcconfig"; path = "Target Support Files/Pods-Rick&MortyTests/Pods-Rick&MortyTests.dev-rick&morty.xcconfig"; sourceTree = "<group>"; };
		EE8303C79FF9FB60EADF570B /* Pods_Rick_Morty.framework */ = {isa = PBXFileReference; explicitFileType = wrapper.framework; includeInIndex = 0; path = Pods_Rick_Morty.framework; sourceTree = BUILT_PRODUCTS_DIR; };
		FA4D501529A533B4009D9950 /* NetworkManager.swift */ = {isa = PBXFileReference; lastKnownFileType = sourcecode.swift; path = NetworkManager.swift; sourceTree = "<group>"; };
		FA4D501829A57A75009D9950 /* UserProfileView.swift */ = {isa = PBXFileReference; lastKnownFileType = sourcecode.swift; path = UserProfileView.swift; sourceTree = "<group>"; };
		FA4D501A29A57ADE009D9950 /* UserProfileView.xib */ = {isa = PBXFileReference; lastKnownFileType = file.xib; path = UserProfileView.xib; sourceTree = "<group>"; };
		FA4D501C29A57DCB009D9950 /* UserModel.swift */ = {isa = PBXFileReference; lastKnownFileType = sourcecode.swift; path = UserModel.swift; sourceTree = "<group>"; };
		FA4D501E29A60652009D9950 /* HomeViewModelTests.swift */ = {isa = PBXFileReference; lastKnownFileType = sourcecode.swift; path = HomeViewModelTests.swift; sourceTree = "<group>"; };
		FA5EE5AF299E4D6600F7C6D9 /* GoogleService-Info.plist */ = {isa = PBXFileReference; fileEncoding = 4; lastKnownFileType = text.plist.xml; path = "GoogleService-Info.plist"; sourceTree = "<group>"; };
		FA5EE5B2299E51D200F7C6D9 /* GoogleService-Info.plist */ = {isa = PBXFileReference; lastKnownFileType = text.plist.xml; path = "GoogleService-Info.plist"; sourceTree = "<group>"; };
		FA5EE5B3299EC60B00F7C6D9 /* BaseView.swift */ = {isa = PBXFileReference; lastKnownFileType = sourcecode.swift; path = BaseView.swift; sourceTree = "<group>"; };
		FA5EE5B6299EC6C000F7C6D9 /* UIView+Extensions.swift */ = {isa = PBXFileReference; lastKnownFileType = sourcecode.swift; path = "UIView+Extensions.swift"; sourceTree = "<group>"; };
		FA5EE5BA299ECBCB00F7C6D9 /* RegisterViewController.swift */ = {isa = PBXFileReference; lastKnownFileType = sourcecode.swift; path = RegisterViewController.swift; sourceTree = "<group>"; };
		FA5EE5BB299ECBCB00F7C6D9 /* RegisterViewController.xib */ = {isa = PBXFileReference; lastKnownFileType = file.xib; path = RegisterViewController.xib; sourceTree = "<group>"; };
		FA5EE5BF299ECD3100F7C6D9 /* TitledTextField.swift */ = {isa = PBXFileReference; lastKnownFileType = sourcecode.swift; path = TitledTextField.swift; sourceTree = "<group>"; };
		FA5EE5C1299ECD4A00F7C6D9 /* TitledTextField.xib */ = {isa = PBXFileReference; lastKnownFileType = file.xib; path = TitledTextField.xib; sourceTree = "<group>"; };
		FA5EE5C6299ECF8800F7C6D9 /* RegistrationFieldsView.swift */ = {isa = PBXFileReference; lastKnownFileType = sourcecode.swift; path = RegistrationFieldsView.swift; sourceTree = "<group>"; };
		FA5EE5CA299ECFDE00F7C6D9 /* RegistrationFieldsView.xib */ = {isa = PBXFileReference; lastKnownFileType = file.xib; path = RegistrationFieldsView.xib; sourceTree = "<group>"; };
		FA5EE5CC299EF4F400F7C6D9 /* Colors.xcassets */ = {isa = PBXFileReference; lastKnownFileType = folder.assetcatalog; path = Colors.xcassets; sourceTree = "<group>"; };
		FA5EE5CF299EFCC600F7C6D9 /* CheckmarkTextView.swift */ = {isa = PBXFileReference; lastKnownFileType = sourcecode.swift; path = CheckmarkTextView.swift; sourceTree = "<group>"; };
		FA5EE5D1299EFCD100F7C6D9 /* CheckmarkTextView.xib */ = {isa = PBXFileReference; lastKnownFileType = file.xib; path = CheckmarkTextView.xib; sourceTree = "<group>"; };
		FA5EE5D4299EFE3D00F7C6D9 /* CheckmarkBox.swift */ = {isa = PBXFileReference; lastKnownFileType = sourcecode.swift; path = CheckmarkBox.swift; sourceTree = "<group>"; };
		FA5EE5D6299F074F00F7C6D9 /* RegisterViewModel.swift */ = {isa = PBXFileReference; lastKnownFileType = sourcecode.swift; path = RegisterViewModel.swift; sourceTree = "<group>"; };
		FA5EE5D8299F772800F7C6D9 /* FirebaseManager.swift */ = {isa = PBXFileReference; lastKnownFileType = sourcecode.swift; path = FirebaseManager.swift; sourceTree = "<group>"; };
		FA5EE5DB299F957200F7C6D9 /* SignInViewController.swift */ = {isa = PBXFileReference; lastKnownFileType = sourcecode.swift; path = SignInViewController.swift; sourceTree = "<group>"; };
		FA5EE5DC299F957200F7C6D9 /* SignInViewController.xib */ = {isa = PBXFileReference; lastKnownFileType = file.xib; path = SignInViewController.xib; sourceTree = "<group>"; };
		FA5EE5E1299F9B4400F7C6D9 /* SignInFieldsView.swift */ = {isa = PBXFileReference; lastKnownFileType = sourcecode.swift; path = SignInFieldsView.swift; sourceTree = "<group>"; };
		FA5EE5E3299F9B5300F7C6D9 /* SignInFieldsView.xib */ = {isa = PBXFileReference; lastKnownFileType = file.xib; path = SignInFieldsView.xib; sourceTree = "<group>"; };
		FA5EE5E529A004BA00F7C6D9 /* SignInViewModel.swift */ = {isa = PBXFileReference; lastKnownFileType = sourcecode.swift; path = SignInViewModel.swift; sourceTree = "<group>"; };
		FA5EE5E729A00E4700F7C6D9 /* UIViewController+Extensions.swift */ = {isa = PBXFileReference; lastKnownFileType = sourcecode.swift; path = "UIViewController+Extensions.swift"; sourceTree = "<group>"; };
		FA5EE5EA29A015C300F7C6D9 /* HomeViewController.swift */ = {isa = PBXFileReference; lastKnownFileType = sourcecode.swift; path = HomeViewController.swift; sourceTree = "<group>"; };
		FA5EE5EB29A015C300F7C6D9 /* HomeViewController.xib */ = {isa = PBXFileReference; lastKnownFileType = file.xib; path = HomeViewController.xib; sourceTree = "<group>"; };
		FA5EE5F029A016A400F7C6D9 /* CharacterTableViewCell.swift */ = {isa = PBXFileReference; lastKnownFileType = sourcecode.swift; path = CharacterTableViewCell.swift; sourceTree = "<group>"; };
		FA5EE5F129A016A400F7C6D9 /* CharacterTableViewCell.xib */ = {isa = PBXFileReference; lastKnownFileType = file.xib; path = CharacterTableViewCell.xib; sourceTree = "<group>"; };
		FA5EE5F429A01D3D00F7C6D9 /* CharacterModel.swift */ = {isa = PBXFileReference; lastKnownFileType = sourcecode.swift; path = CharacterModel.swift; sourceTree = "<group>"; };
		FA5EE5F629A0368300F7C6D9 /* ServiceManager.swift */ = {isa = PBXFileReference; lastKnownFileType = sourcecode.swift; path = ServiceManager.swift; sourceTree = "<group>"; };
		FA5EE5F829A03AFF00F7C6D9 /* HomeApiManager.swift */ = {isa = PBXFileReference; lastKnownFileType = sourcecode.swift; path = HomeApiManager.swift; sourceTree = "<group>"; };
		FA5EE5FA29A03D3900F7C6D9 /* HomeViewModel.swift */ = {isa = PBXFileReference; lastKnownFileType = sourcecode.swift; path = HomeViewModel.swift; sourceTree = "<group>"; };
		FA5EE5FF29A2AB7700F7C6D9 /* CacheManager.swift */ = {isa = PBXFileReference; lastKnownFileType = sourcecode.swift; path = CacheManager.swift; sourceTree = "<group>"; };
		FA5EE60229A3ADA800F7C6D9 /* CharacterDetailsViewController.swift */ = {isa = PBXFileReference; lastKnownFileType = sourcecode.swift; path = CharacterDetailsViewController.swift; sourceTree = "<group>"; };
		FA5EE60329A3ADA800F7C6D9 /* CharacterDetailsViewController.xib */ = {isa = PBXFileReference; lastKnownFileType = file.xib; path = CharacterDetailsViewController.xib; sourceTree = "<group>"; };
		FA5EE60629A3ADC500F7C6D9 /* CharacterDetailsViewModel.swift */ = {isa = PBXFileReference; lastKnownFileType = sourcecode.swift; path = CharacterDetailsViewModel.swift; sourceTree = "<group>"; };
		FA5EE60B29A3CC8D00F7C6D9 /* CharacterHeaderView.swift */ = {isa = PBXFileReference; lastKnownFileType = sourcecode.swift; path = CharacterHeaderView.swift; sourceTree = "<group>"; };
		FA5EE60D29A3CC9D00F7C6D9 /* CharacterHeaderView.xib */ = {isa = PBXFileReference; lastKnownFileType = file.xib; path = CharacterHeaderView.xib; sourceTree = "<group>"; };
		FA930134299D8059007F36FA /* Rick&Morty.app */ = {isa = PBXFileReference; explicitFileType = wrapper.application; includeInIndex = 0; path = "Rick&Morty.app"; sourceTree = BUILT_PRODUCTS_DIR; };
		FA930137299D8059007F36FA /* AppDelegate.swift */ = {isa = PBXFileReference; lastKnownFileType = sourcecode.swift; path = AppDelegate.swift; sourceTree = "<group>"; };
		FA930139299D8059007F36FA /* SceneDelegate.swift */ = {isa = PBXFileReference; lastKnownFileType = sourcecode.swift; path = SceneDelegate.swift; sourceTree = "<group>"; };
		FA93013E299D8059007F36FA /* Base */ = {isa = PBXFileReference; lastKnownFileType = file.storyboard; name = Base; path = Base.lproj/Main.storyboard; sourceTree = "<group>"; };
		FA930141299D805A007F36FA /* Rick_Morty.xcdatamodel */ = {isa = PBXFileReference; lastKnownFileType = wrapper.xcdatamodel; path = Rick_Morty.xcdatamodel; sourceTree = "<group>"; };
		FA930143299D806A007F36FA /* Assets.xcassets */ = {isa = PBXFileReference; lastKnownFileType = folder.assetcatalog; path = Assets.xcassets; sourceTree = "<group>"; };
		FA930146299D806A007F36FA /* Base */ = {isa = PBXFileReference; lastKnownFileType = file.storyboard; name = Base; path = Base.lproj/LaunchScreen.storyboard; sourceTree = "<group>"; };
		FA930148299D806A007F36FA /* Info.plist */ = {isa = PBXFileReference; lastKnownFileType = text.plist.xml; path = Info.plist; sourceTree = "<group>"; };
		FA93014D299D806B007F36FA /* Rick&MortyTests.xctest */ = {isa = PBXFileReference; explicitFileType = wrapper.cfbundle; includeInIndex = 0; path = "Rick&MortyTests.xctest"; sourceTree = BUILT_PRODUCTS_DIR; };
		FA930151299D806B007F36FA /* Rick_MortyTests.swift */ = {isa = PBXFileReference; lastKnownFileType = sourcecode.swift; path = Rick_MortyTests.swift; sourceTree = "<group>"; };
		FA930157299D806B007F36FA /* Rick&MortyUITests.xctest */ = {isa = PBXFileReference; explicitFileType = wrapper.cfbundle; includeInIndex = 0; path = "Rick&MortyUITests.xctest"; sourceTree = BUILT_PRODUCTS_DIR; };
		FA93015B299D806B007F36FA /* Rick_MortyUITests.swift */ = {isa = PBXFileReference; lastKnownFileType = sourcecode.swift; path = Rick_MortyUITests.swift; sourceTree = "<group>"; };
		FA93015D299D806B007F36FA /* Rick_MortyUITestsLaunchTests.swift */ = {isa = PBXFileReference; lastKnownFileType = sourcecode.swift; path = Rick_MortyUITestsLaunchTests.swift; sourceTree = "<group>"; };
		FAEE463029A405420082013C /* FavoritesViewController.swift */ = {isa = PBXFileReference; lastKnownFileType = sourcecode.swift; path = FavoritesViewController.swift; sourceTree = "<group>"; };
		FAEE463129A405420082013C /* FavoritesViewController.xib */ = {isa = PBXFileReference; lastKnownFileType = file.xib; path = FavoritesViewController.xib; sourceTree = "<group>"; };
		FAEE463429A4055F0082013C /* FavoritesViewModel.swift */ = {isa = PBXFileReference; lastKnownFileType = sourcecode.swift; path = FavoritesViewModel.swift; sourceTree = "<group>"; };
		FAEE463829A407B80082013C /* CharacterCollectionViewCell.swift */ = {isa = PBXFileReference; lastKnownFileType = sourcecode.swift; path = CharacterCollectionViewCell.swift; sourceTree = "<group>"; };
		FAEE463929A407B80082013C /* CharacterCollectionViewCell.xib */ = {isa = PBXFileReference; lastKnownFileType = file.xib; path = CharacterCollectionViewCell.xib; sourceTree = "<group>"; };
/* End PBXFileReference section */

/* Begin PBXFrameworksBuildPhase section */
		FA930131299D8059007F36FA /* Frameworks */ = {
			isa = PBXFrameworksBuildPhase;
			buildActionMask = 2147483647;
			files = (
				74EB350A54C82CE7EAD4A659 /* Pods_Rick_Morty.framework in Frameworks */,
			);
			runOnlyForDeploymentPostprocessing = 0;
		};
		FA93014A299D806B007F36FA /* Frameworks */ = {
			isa = PBXFrameworksBuildPhase;
			buildActionMask = 2147483647;
			files = (
				12EC9AA51B64AEE5A443FBBE /* Pods_Rick_MortyTests.framework in Frameworks */,
			);
			runOnlyForDeploymentPostprocessing = 0;
		};
		FA930154299D806B007F36FA /* Frameworks */ = {
			isa = PBXFrameworksBuildPhase;
			buildActionMask = 2147483647;
			files = (
				62FF2ADDB8E888604F378D9C /* Pods_Rick_Morty_Rick_MortyUITests.framework in Frameworks */,
			);
			runOnlyForDeploymentPostprocessing = 0;
		};
/* End PBXFrameworksBuildPhase section */

/* Begin PBXGroup section */
		5F5CD39706CF4BFC7042C0CF /* Pods */ = {
			isa = PBXGroup;
			children = (
				4CED1DFBF602CBBCB078254E /* Pods-Rick&Morty.debug.xcconfig */,
				79204FB0247B5B39FAC34731 /* Pods-Rick&Morty.release.xcconfig */,
				3CED7302901CD4EAD86F3C77 /* Pods-Rick&Morty-Rick&MortyUITests.debug.xcconfig */,
				5977976788AAAE3FDADB24DD /* Pods-Rick&Morty-Rick&MortyUITests.release.xcconfig */,
				9F45B0E53B35399F72FEDA20 /* Pods-Rick&MortyTests.debug.xcconfig */,
				D4360C6DF6C0C644F72C8A50 /* Pods-Rick&MortyTests.release.xcconfig */,
				11EDD9120D487F4E81170870 /* Pods-Rick&Morty.dev-rick&morty.xcconfig */,
				903299C595F5D7C083B5D2BC /* Pods-Rick&Morty.prod-rick&morty.xcconfig */,
				4B9E6449861C9D878A589998 /* Pods-Rick&Morty-Rick&MortyUITests.dev-rick&morty.xcconfig */,
				6E030FA3C40EF2A88648674B /* Pods-Rick&Morty-Rick&MortyUITests.prod-rick&morty.xcconfig */,
				D5967BA43C59A64C59246BB0 /* Pods-Rick&MortyTests.dev-rick&morty.xcconfig */,
				3A22A2149CCFB60177BA575D /* Pods-Rick&MortyTests.prod-rick&morty.xcconfig */,
			);
			path = Pods;
			sourceTree = "<group>";
		};
		7707CF418A0B63B2A4DFA595 /* Frameworks */ = {
			isa = PBXGroup;
			children = (
				EE8303C79FF9FB60EADF570B /* Pods_Rick_Morty.framework */,
				078497804E642597C38062F8 /* Pods_Rick_Morty_Rick_MortyUITests.framework */,
				95BEEAD711DE77E0DCEACC8E /* Pods_Rick_MortyTests.framework */,
			);
			name = Frameworks;
			sourceTree = "<group>";
		};
		FA4D501729A579EB009D9950 /* user-profile-header */ = {
			isa = PBXGroup;
			children = (
				FA4D501829A57A75009D9950 /* UserProfileView.swift */,
				FA4D501A29A57ADE009D9950 /* UserProfileView.xib */,
			);
			path = "user-profile-header";
			sourceTree = "<group>";
		};
		FA5EE5AC299E4D2C00F7C6D9 /* firebase */ = {
			isa = PBXGroup;
			children = (
				FA5EE5AE299E4D5300F7C6D9 /* dev */,
				FA5EE5AD299E4D4B00F7C6D9 /* prod */,
			);
			path = firebase;
			sourceTree = "<group>";
		};
		FA5EE5AD299E4D4B00F7C6D9 /* prod */ = {
			isa = PBXGroup;
			children = (
				FA5EE5B2299E51D200F7C6D9 /* GoogleService-Info.plist */,
			);
			path = prod;
			sourceTree = "<group>";
		};
		FA5EE5AE299E4D5300F7C6D9 /* dev */ = {
			isa = PBXGroup;
			children = (
				FA5EE5AF299E4D6600F7C6D9 /* GoogleService-Info.plist */,
			);
			path = dev;
			sourceTree = "<group>";
		};
		FA5EE5B5299EC63600F7C6D9 /* extensions */ = {
			isa = PBXGroup;
			children = (
				FA5EE5B6299EC6C000F7C6D9 /* UIView+Extensions.swift */,
				FA5EE5E729A00E4700F7C6D9 /* UIViewController+Extensions.swift */,
			);
			path = extensions;
			sourceTree = "<group>";
		};
		FA5EE5B8299ECB7300F7C6D9 /* authentication */ = {
			isa = PBXGroup;
			children = (
				FA5EE5DA299F954A00F7C6D9 /* sign-in */,
				FA5EE5B9299ECB7D00F7C6D9 /* register */,
			);
			path = authentication;
			sourceTree = "<group>";
		};
		FA5EE5B9299ECB7D00F7C6D9 /* register */ = {
			isa = PBXGroup;
			children = (
				FA5EE5BA299ECBCB00F7C6D9 /* RegisterViewController.swift */,
				FA5EE5BB299ECBCB00F7C6D9 /* RegisterViewController.xib */,
				FA5EE5D6299F074F00F7C6D9 /* RegisterViewModel.swift */,
				FA5EE5C4299ECF4800F7C6D9 /* views */,
			);
			path = register;
			sourceTree = "<group>";
		};
		FA5EE5BE299ECCE500F7C6D9 /* views */ = {
			isa = PBXGroup;
			children = (
				FA5EE5B3299EC60B00F7C6D9 /* BaseView.swift */,
				FA5EE5C3299ECD5E00F7C6D9 /* titled-text-field */,
				FA5EE5D3299EFE1100F7C6D9 /* checkmark */,
			);
			path = views;
			sourceTree = "<group>";
		};
		FA5EE5C3299ECD5E00F7C6D9 /* titled-text-field */ = {
			isa = PBXGroup;
			children = (
				FA5EE5BF299ECD3100F7C6D9 /* TitledTextField.swift */,
				FA5EE5C1299ECD4A00F7C6D9 /* TitledTextField.xib */,
			);
			path = "titled-text-field";
			sourceTree = "<group>";
		};
		FA5EE5C4299ECF4800F7C6D9 /* views */ = {
			isa = PBXGroup;
			children = (
				FA5EE5C5299ECF4E00F7C6D9 /* input-fields */,
				FA5EE5CE299EFC8600F7C6D9 /* checkmark */,
			);
			path = views;
			sourceTree = "<group>";
		};
		FA5EE5C5299ECF4E00F7C6D9 /* input-fields */ = {
			isa = PBXGroup;
			children = (
				FA5EE5C6299ECF8800F7C6D9 /* RegistrationFieldsView.swift */,
				FA5EE5CA299ECFDE00F7C6D9 /* RegistrationFieldsView.xib */,
			);
			path = "input-fields";
			sourceTree = "<group>";
		};
		FA5EE5CE299EFC8600F7C6D9 /* checkmark */ = {
			isa = PBXGroup;
			children = (
				FA5EE5CF299EFCC600F7C6D9 /* CheckmarkTextView.swift */,
				FA5EE5D1299EFCD100F7C6D9 /* CheckmarkTextView.xib */,
			);
			path = checkmark;
			sourceTree = "<group>";
		};
		FA5EE5D3299EFE1100F7C6D9 /* checkmark */ = {
			isa = PBXGroup;
			children = (
				FA5EE5D4299EFE3D00F7C6D9 /* CheckmarkBox.swift */,
			);
			path = checkmark;
			sourceTree = "<group>";
		};
		FA5EE5DA299F954A00F7C6D9 /* sign-in */ = {
			isa = PBXGroup;
			children = (
				FA5EE5DB299F957200F7C6D9 /* SignInViewController.swift */,
				FA5EE5DC299F957200F7C6D9 /* SignInViewController.xib */,
				FA5EE5E529A004BA00F7C6D9 /* SignInViewModel.swift */,
				FA5EE5DF299F9B1300F7C6D9 /* views */,
			);
			path = "sign-in";
			sourceTree = "<group>";
		};
		FA5EE5DF299F9B1300F7C6D9 /* views */ = {
			isa = PBXGroup;
			children = (
				FA5EE5E0299F9B1B00F7C6D9 /* input-fields */,
			);
			path = views;
			sourceTree = "<group>";
		};
		FA5EE5E0299F9B1B00F7C6D9 /* input-fields */ = {
			isa = PBXGroup;
			children = (
				FA5EE5E1299F9B4400F7C6D9 /* SignInFieldsView.swift */,
				FA5EE5E3299F9B5300F7C6D9 /* SignInFieldsView.xib */,
			);
			path = "input-fields";
			sourceTree = "<group>";
		};
		FA5EE5E929A014F300F7C6D9 /* home */ = {
			isa = PBXGroup;
			children = (
				FA5EE5EA29A015C300F7C6D9 /* HomeViewController.swift */,
				FA5EE5EB29A015C300F7C6D9 /* HomeViewController.xib */,
				FA5EE5FA29A03D3900F7C6D9 /* HomeViewModel.swift */,
				FA5EE5EE29A0167C00F7C6D9 /* views */,
			);
			path = home;
			sourceTree = "<group>";
		};
		FA5EE5EE29A0167C00F7C6D9 /* views */ = {
			isa = PBXGroup;
			children = (
				FA5EE5EF29A0168400F7C6D9 /* character-cell */,
			);
			path = views;
			sourceTree = "<group>";
		};
		FA5EE5EF29A0168400F7C6D9 /* character-cell */ = {
			isa = PBXGroup;
			children = (
				FA5EE5F029A016A400F7C6D9 /* CharacterTableViewCell.swift */,
				FA5EE5F129A016A400F7C6D9 /* CharacterTableViewCell.xib */,
			);
			path = "character-cell";
			sourceTree = "<group>";
		};
		FA5EE5FE29A2AAF400F7C6D9 /* cache */ = {
			isa = PBXGroup;
			children = (
				FA5EE5FF29A2AB7700F7C6D9 /* CacheManager.swift */,
			);
			path = cache;
			sourceTree = "<group>";
		};
		FA5EE60129A3AD7800F7C6D9 /* character-details */ = {
			isa = PBXGroup;
			children = (
				FA5EE60229A3ADA800F7C6D9 /* CharacterDetailsViewController.swift */,
				FA5EE60329A3ADA800F7C6D9 /* CharacterDetailsViewController.xib */,
				FA5EE60629A3ADC500F7C6D9 /* CharacterDetailsViewModel.swift */,
				FA5EE60829A3ADCA00F7C6D9 /* views */,
			);
			path = "character-details";
			sourceTree = "<group>";
		};
		FA5EE60829A3ADCA00F7C6D9 /* views */ = {
			isa = PBXGroup;
			children = (
				FA5EE60929A3ADD700F7C6D9 /* header-view */,
				FAEE462E29A402540082013C /* header-label */,
			);
			path = views;
			sourceTree = "<group>";
		};
		FA5EE60929A3ADD700F7C6D9 /* header-view */ = {
			isa = PBXGroup;
			children = (
				FA5EE60B29A3CC8D00F7C6D9 /* CharacterHeaderView.swift */,
				FA5EE60D29A3CC9D00F7C6D9 /* CharacterHeaderView.xib */,
			);
			path = "header-view";
			sourceTree = "<group>";
		};
		FA876545299E3A26003F0AAD /* controllers */ = {
			isa = PBXGroup;
			children = (
				FA5EE5B8299ECB7300F7C6D9 /* authentication */,
				FA5EE5E929A014F300F7C6D9 /* home */,
				FA5EE60129A3AD7800F7C6D9 /* character-details */,
				FAEE462F29A405000082013C /* favorites */,
			);
			path = controllers;
			sourceTree = "<group>";
		};
		FA876546299E3C92003F0AAD /* common */ = {
			isa = PBXGroup;
			children = (
				FA5EE5BE299ECCE500F7C6D9 /* views */,
				FA5EE5B5299EC63600F7C6D9 /* extensions */,
				FA5EE5FE29A2AAF400F7C6D9 /* cache */,
			);
			path = common;
			sourceTree = "<group>";
		};
		FA876547299E3D14003F0AAD /* resources */ = {
			isa = PBXGroup;
			children = (
				FA930143299D806A007F36FA /* Assets.xcassets */,
				FA5EE5CC299EF4F400F7C6D9 /* Colors.xcassets */,
			);
			path = resources;
			sourceTree = "<group>";
		};
		FA876548299E3D1F003F0AAD /* application */ = {
			isa = PBXGroup;
			children = (
				FA930137299D8059007F36FA /* AppDelegate.swift */,
				FA930139299D8059007F36FA /* SceneDelegate.swift */,
				FA93013D299D8059007F36FA /* Main.storyboard */,
				FA930145299D806A007F36FA /* LaunchScreen.storyboard */,
				FA930148299D806A007F36FA /* Info.plist */,
			);
			path = application;
			sourceTree = "<group>";
		};
		FA876549299E3DB3003F0AAD /* network */ = {
			isa = PBXGroup;
			children = (
				FA5EE5D8299F772800F7C6D9 /* FirebaseManager.swift */,
				FA5EE5F629A0368300F7C6D9 /* ServiceManager.swift */,
				FA4D501529A533B4009D9950 /* NetworkManager.swift */,
				FA5EE5F829A03AFF00F7C6D9 /* HomeApiManager.swift */,
			);
			path = network;
			sourceTree = "<group>";
		};
		FA87654A299E3DEF003F0AAD /* models */ = {
			isa = PBXGroup;
			children = (
				FA930140299D805A007F36FA /* Rick_Morty.xcdatamodeld */,
				FA5EE5F429A01D3D00F7C6D9 /* CharacterModel.swift */,
				FA4D501C29A57DCB009D9950 /* UserModel.swift */,
			);
			path = models;
			sourceTree = "<group>";
		};
		FA93012B299D8059007F36FA = {
			isa = PBXGroup;
			children = (
				FA930136299D8059007F36FA /* Rick&Morty */,
				FA930150299D806B007F36FA /* Rick&MortyTests */,
				FA93015A299D806B007F36FA /* Rick&MortyUITests */,
				FA930135299D8059007F36FA /* Products */,
				5F5CD39706CF4BFC7042C0CF /* Pods */,
				7707CF418A0B63B2A4DFA595 /* Frameworks */,
			);
			sourceTree = "<group>";
		};
		FA930135299D8059007F36FA /* Products */ = {
			isa = PBXGroup;
			children = (
				FA930134299D8059007F36FA /* Rick&Morty.app */,
				FA93014D299D806B007F36FA /* Rick&MortyTests.xctest */,
				FA930157299D806B007F36FA /* Rick&MortyUITests.xctest */,
			);
			name = Products;
			sourceTree = "<group>";
		};
		FA930136299D8059007F36FA /* Rick&Morty */ = {
			isa = PBXGroup;
			children = (
				FA876548299E3D1F003F0AAD /* application */,
				FA876545299E3A26003F0AAD /* controllers */,
				FA876546299E3C92003F0AAD /* common */,
				FA876549299E3DB3003F0AAD /* network */,
				FA87654A299E3DEF003F0AAD /* models */,
				FA876547299E3D14003F0AAD /* resources */,
				FA5EE5AC299E4D2C00F7C6D9 /* firebase */,
			);
			path = "Rick&Morty";
			sourceTree = "<group>";
		};
		FA930150299D806B007F36FA /* Rick&MortyTests */ = {
			isa = PBXGroup;
			children = (
				FA4D501E29A60652009D9950 /* HomeViewModelTests.swift */,
				FA930151299D806B007F36FA /* Rick_MortyTests.swift */,
			);
			path = "Rick&MortyTests";
			sourceTree = "<group>";
		};
		FA93015A299D806B007F36FA /* Rick&MortyUITests */ = {
			isa = PBXGroup;
			children = (
				FA93015B299D806B007F36FA /* Rick_MortyUITests.swift */,
				FA93015D299D806B007F36FA /* Rick_MortyUITestsLaunchTests.swift */,
			);
			path = "Rick&MortyUITests";
			sourceTree = "<group>";
		};
		FAEE462E29A402540082013C /* header-label */ = {
			isa = PBXGroup;
			children = (
			);
			path = "header-label";
			sourceTree = "<group>";
		};
		FAEE462F29A405000082013C /* favorites */ = {
			isa = PBXGroup;
			children = (
				FAEE463029A405420082013C /* FavoritesViewController.swift */,
				FAEE463129A405420082013C /* FavoritesViewController.xib */,
				FAEE463429A4055F0082013C /* FavoritesViewModel.swift */,
				FAEE463629A405650082013C /* views */,
			);
			path = favorites;
			sourceTree = "<group>";
		};
		FAEE463629A405650082013C /* views */ = {
			isa = PBXGroup;
			children = (
				FA4D501729A579EB009D9950 /* user-profile-header */,
				FAEE463729A4057D0082013C /* character-collection-cell */,
			);
			path = views;
			sourceTree = "<group>";
		};
		FAEE463729A4057D0082013C /* character-collection-cell */ = {
			isa = PBXGroup;
			children = (
				FAEE463829A407B80082013C /* CharacterCollectionViewCell.swift */,
				FAEE463929A407B80082013C /* CharacterCollectionViewCell.xib */,
			);
			path = "character-collection-cell";
			sourceTree = "<group>";
		};
/* End PBXGroup section */

/* Begin PBXNativeTarget section */
		FA930133299D8059007F36FA /* Rick&Morty */ = {
			isa = PBXNativeTarget;
			buildConfigurationList = FA930161299D806B007F36FA /* Build configuration list for PBXNativeTarget "Rick&Morty" */;
			buildPhases = (
				F749E7E94D6879036CB45C1D /* [CP] Check Pods Manifest.lock */,
				FA930130299D8059007F36FA /* Sources */,
				FA930131299D8059007F36FA /* Frameworks */,
				FA5EE5B1299E4EBE00F7C6D9 /* Setup Firebase Env */,
				FA930132299D8059007F36FA /* Resources */,
				3F19DABFC72EB498827A1734 /* [CP] Embed Pods Frameworks */,
			);
			buildRules = (
			);
			dependencies = (
			);
			name = "Rick&Morty";
			productName = "Rick&Morty";
			productReference = FA930134299D8059007F36FA /* Rick&Morty.app */;
			productType = "com.apple.product-type.application";
		};
		FA93014C299D806B007F36FA /* Rick&MortyTests */ = {
			isa = PBXNativeTarget;
			buildConfigurationList = FA930164299D806B007F36FA /* Build configuration list for PBXNativeTarget "Rick&MortyTests" */;
			buildPhases = (
				153F620CBCAE44E1C53CFB2A /* [CP] Check Pods Manifest.lock */,
				FA930149299D806B007F36FA /* Sources */,
				FA93014A299D806B007F36FA /* Frameworks */,
				FA93014B299D806B007F36FA /* Resources */,
			);
			buildRules = (
			);
			dependencies = (
				FA93014F299D806B007F36FA /* PBXTargetDependency */,
			);
			name = "Rick&MortyTests";
			productName = "Rick&MortyTests";
			productReference = FA93014D299D806B007F36FA /* Rick&MortyTests.xctest */;
			productType = "com.apple.product-type.bundle.unit-test";
		};
		FA930156299D806B007F36FA /* Rick&MortyUITests */ = {
			isa = PBXNativeTarget;
			buildConfigurationList = FA930167299D806B007F36FA /* Build configuration list for PBXNativeTarget "Rick&MortyUITests" */;
			buildPhases = (
				D9F6DE7A030ABB5619D04D47 /* [CP] Check Pods Manifest.lock */,
				FA930153299D806B007F36FA /* Sources */,
				FA930154299D806B007F36FA /* Frameworks */,
				FA930155299D806B007F36FA /* Resources */,
				6C8E309161D4CA3D727BE982 /* [CP] Embed Pods Frameworks */,
			);
			buildRules = (
			);
			dependencies = (
				FA930159299D806B007F36FA /* PBXTargetDependency */,
			);
			name = "Rick&MortyUITests";
			productName = "Rick&MortyUITests";
			productReference = FA930157299D806B007F36FA /* Rick&MortyUITests.xctest */;
			productType = "com.apple.product-type.bundle.ui-testing";
		};
/* End PBXNativeTarget section */

/* Begin PBXProject section */
		FA93012C299D8059007F36FA /* Project object */ = {
			isa = PBXProject;
			attributes = {
				BuildIndependentTargetsInParallel = 1;
				LastSwiftUpdateCheck = 1420;
				LastUpgradeCheck = 1420;
				TargetAttributes = {
					FA930133299D8059007F36FA = {
						CreatedOnToolsVersion = 14.2;
					};
					FA93014C299D806B007F36FA = {
						CreatedOnToolsVersion = 14.2;
						TestTargetID = FA930133299D8059007F36FA;
					};
					FA930156299D806B007F36FA = {
						CreatedOnToolsVersion = 14.2;
						TestTargetID = FA930133299D8059007F36FA;
					};
				};
			};
			buildConfigurationList = FA93012F299D8059007F36FA /* Build configuration list for PBXProject "Rick&Morty" */;
			compatibilityVersion = "Xcode 14.0";
			developmentRegion = en;
			hasScannedForEncodings = 0;
			knownRegions = (
				en,
				Base,
			);
			mainGroup = FA93012B299D8059007F36FA;
			productRefGroup = FA930135299D8059007F36FA /* Products */;
			projectDirPath = "";
			projectRoot = "";
			targets = (
				FA930133299D8059007F36FA /* Rick&Morty */,
				FA93014C299D806B007F36FA /* Rick&MortyTests */,
				FA930156299D806B007F36FA /* Rick&MortyUITests */,
			);
		};
/* End PBXProject section */

/* Begin PBXResourcesBuildPhase section */
		FA930132299D8059007F36FA /* Resources */ = {
			isa = PBXResourcesBuildPhase;
			buildActionMask = 2147483647;
			files = (
				FA930147299D806A007F36FA /* LaunchScreen.storyboard in Resources */,
				FA5EE60E29A3CC9D00F7C6D9 /* CharacterHeaderView.xib in Resources */,
				FA930144299D806A007F36FA /* Assets.xcassets in Resources */,
				FA5EE5C2299ECD4A00F7C6D9 /* TitledTextField.xib in Resources */,
				FAEE463B29A407B80082013C /* CharacterCollectionViewCell.xib in Resources */,
				FA5EE5F329A016A400F7C6D9 /* CharacterTableViewCell.xib in Resources */,
				FA93013F299D8059007F36FA /* Main.storyboard in Resources */,
				FA5EE5CB299ECFDE00F7C6D9 /* RegistrationFieldsView.xib in Resources */,
				FA5EE5E4299F9B5300F7C6D9 /* SignInFieldsView.xib in Resources */,
				FA5EE5BD299ECBCB00F7C6D9 /* RegisterViewController.xib in Resources */,
				FA5EE60529A3ADA800F7C6D9 /* CharacterDetailsViewController.xib in Resources */,
				FA5EE5CD299EF4F400F7C6D9 /* Colors.xcassets in Resources */,
				FA5EE5DE299F957200F7C6D9 /* SignInViewController.xib in Resources */,
				FA5EE5D2299EFCD100F7C6D9 /* CheckmarkTextView.xib in Resources */,
				FAEE463329A405420082013C /* FavoritesViewController.xib in Resources */,
				FA4D501B29A57ADE009D9950 /* UserProfileView.xib in Resources */,
				FA5EE5ED29A015C300F7C6D9 /* HomeViewController.xib in Resources */,
			);
			runOnlyForDeploymentPostprocessing = 0;
		};
		FA93014B299D806B007F36FA /* Resources */ = {
			isa = PBXResourcesBuildPhase;
			buildActionMask = 2147483647;
			files = (
			);
			runOnlyForDeploymentPostprocessing = 0;
		};
		FA930155299D806B007F36FA /* Resources */ = {
			isa = PBXResourcesBuildPhase;
			buildActionMask = 2147483647;
			files = (
			);
			runOnlyForDeploymentPostprocessing = 0;
		};
/* End PBXResourcesBuildPhase section */

/* Begin PBXShellScriptBuildPhase section */
		153F620CBCAE44E1C53CFB2A /* [CP] Check Pods Manifest.lock */ = {
			isa = PBXShellScriptBuildPhase;
			buildActionMask = 2147483647;
			files = (
			);
			inputFileListPaths = (
			);
			inputPaths = (
				"${PODS_PODFILE_DIR_PATH}/Podfile.lock",
				"${PODS_ROOT}/Manifest.lock",
			);
			name = "[CP] Check Pods Manifest.lock";
			outputFileListPaths = (
			);
			outputPaths = (
				"$(DERIVED_FILE_DIR)/Pods-Rick&MortyTests-checkManifestLockResult.txt",
			);
			runOnlyForDeploymentPostprocessing = 0;
			shellPath = /bin/sh;
			shellScript = "diff \"${PODS_PODFILE_DIR_PATH}/Podfile.lock\" \"${PODS_ROOT}/Manifest.lock\" > /dev/null\nif [ $? != 0 ] ; then\n    # print error to STDERR\n    echo \"error: The sandbox is not in sync with the Podfile.lock. Run 'pod install' or update your CocoaPods installation.\" >&2\n    exit 1\nfi\n# This output is used by Xcode 'outputs' to avoid re-running this script phase.\necho \"SUCCESS\" > \"${SCRIPT_OUTPUT_FILE_0}\"\n";
			showEnvVarsInLog = 0;
		};
		3F19DABFC72EB498827A1734 /* [CP] Embed Pods Frameworks */ = {
			isa = PBXShellScriptBuildPhase;
			buildActionMask = 2147483647;
			files = (
			);
			inputFileListPaths = (
				"${PODS_ROOT}/Target Support Files/Pods-Rick&Morty/Pods-Rick&Morty-frameworks-${CONFIGURATION}-input-files.xcfilelist",
			);
			name = "[CP] Embed Pods Frameworks";
			outputFileListPaths = (
				"${PODS_ROOT}/Target Support Files/Pods-Rick&Morty/Pods-Rick&Morty-frameworks-${CONFIGURATION}-output-files.xcfilelist",
			);
			runOnlyForDeploymentPostprocessing = 0;
			shellPath = /bin/sh;
			shellScript = "\"${PODS_ROOT}/Target Support Files/Pods-Rick&Morty/Pods-Rick&Morty-frameworks.sh\"\n";
			showEnvVarsInLog = 0;
		};
		6C8E309161D4CA3D727BE982 /* [CP] Embed Pods Frameworks */ = {
			isa = PBXShellScriptBuildPhase;
			buildActionMask = 2147483647;
			files = (
			);
			inputFileListPaths = (
				"${PODS_ROOT}/Target Support Files/Pods-Rick&Morty-Rick&MortyUITests/Pods-Rick&Morty-Rick&MortyUITests-frameworks-${CONFIGURATION}-input-files.xcfilelist",
			);
			name = "[CP] Embed Pods Frameworks";
			outputFileListPaths = (
				"${PODS_ROOT}/Target Support Files/Pods-Rick&Morty-Rick&MortyUITests/Pods-Rick&Morty-Rick&MortyUITests-frameworks-${CONFIGURATION}-output-files.xcfilelist",
			);
			runOnlyForDeploymentPostprocessing = 0;
			shellPath = /bin/sh;
			shellScript = "\"${PODS_ROOT}/Target Support Files/Pods-Rick&Morty-Rick&MortyUITests/Pods-Rick&Morty-Rick&MortyUITests-frameworks.sh\"\n";
			showEnvVarsInLog = 0;
		};
		D9F6DE7A030ABB5619D04D47 /* [CP] Check Pods Manifest.lock */ = {
			isa = PBXShellScriptBuildPhase;
			buildActionMask = 2147483647;
			files = (
			);
			inputFileListPaths = (
			);
			inputPaths = (
				"${PODS_PODFILE_DIR_PATH}/Podfile.lock",
				"${PODS_ROOT}/Manifest.lock",
			);
			name = "[CP] Check Pods Manifest.lock";
			outputFileListPaths = (
			);
			outputPaths = (
				"$(DERIVED_FILE_DIR)/Pods-Rick&Morty-Rick&MortyUITests-checkManifestLockResult.txt",
			);
			runOnlyForDeploymentPostprocessing = 0;
			shellPath = /bin/sh;
			shellScript = "diff \"${PODS_PODFILE_DIR_PATH}/Podfile.lock\" \"${PODS_ROOT}/Manifest.lock\" > /dev/null\nif [ $? != 0 ] ; then\n    # print error to STDERR\n    echo \"error: The sandbox is not in sync with the Podfile.lock. Run 'pod install' or update your CocoaPods installation.\" >&2\n    exit 1\nfi\n# This output is used by Xcode 'outputs' to avoid re-running this script phase.\necho \"SUCCESS\" > \"${SCRIPT_OUTPUT_FILE_0}\"\n";
			showEnvVarsInLog = 0;
		};
		F749E7E94D6879036CB45C1D /* [CP] Check Pods Manifest.lock */ = {
			isa = PBXShellScriptBuildPhase;
			buildActionMask = 2147483647;
			files = (
			);
			inputFileListPaths = (
			);
			inputPaths = (
				"${PODS_PODFILE_DIR_PATH}/Podfile.lock",
				"${PODS_ROOT}/Manifest.lock",
			);
			name = "[CP] Check Pods Manifest.lock";
			outputFileListPaths = (
			);
			outputPaths = (
				"$(DERIVED_FILE_DIR)/Pods-Rick&Morty-checkManifestLockResult.txt",
			);
			runOnlyForDeploymentPostprocessing = 0;
			shellPath = /bin/sh;
			shellScript = "diff \"${PODS_PODFILE_DIR_PATH}/Podfile.lock\" \"${PODS_ROOT}/Manifest.lock\" > /dev/null\nif [ $? != 0 ] ; then\n    # print error to STDERR\n    echo \"error: The sandbox is not in sync with the Podfile.lock. Run 'pod install' or update your CocoaPods installation.\" >&2\n    exit 1\nfi\n# This output is used by Xcode 'outputs' to avoid re-running this script phase.\necho \"SUCCESS\" > \"${SCRIPT_OUTPUT_FILE_0}\"\n";
			showEnvVarsInLog = 0;
		};
		FA5EE5B1299E4EBE00F7C6D9 /* Setup Firebase Env */ = {
			isa = PBXShellScriptBuildPhase;
			buildActionMask = 2147483647;
			files = (
			);
			inputFileListPaths = (
			);
			inputPaths = (
			);
			name = "Setup Firebase Env";
			outputFileListPaths = (
			);
			outputPaths = (
			);
			runOnlyForDeploymentPostprocessing = 0;
			shellPath = /bin/sh;
			shellScript = "GOOGLESERVICE_INFO_PLIST=GoogleService-Info.plist\n \n# References to the dev and prod versions of the GoogleService-Info.plist\nGOOGLESERVICE_INFO_DEV=${PROJECT_DIR}/\"Rick&Morty\"/firebase/dev/${GOOGLESERVICE_INFO_PLIST}\nGOOGLESERVICE_INFO_PROD=${PROJECT_DIR}/\"Rick&Morty\"/firebase/prod/${GOOGLESERVICE_INFO_PLIST}\n \n# Make sure the prod version of GoogleService-Info.plist exists\necho \"Search for ${GOOGLESERVICE_INFO_PLIST} in ${GOOGLESERVICE_INFO_DEV}\"\nif [[ ! -f $GOOGLESERVICE_INFO_DEV ]] \nthen\necho \"No Development GoogleService-Info.plist found. Please ensure it's in the proper directory.\"\nexit 1\nfi\n \n# Make sure the prod version of GoogleService-Info.plist exists\necho \"Search for ${GOOGLESERVICE_INFO_PLIST} in ${GOOGLESERVICE_INFO_PROD}\"\nif [[ ! -f $GOOGLESERVICE_INFO_PROD ]]\nthen\necho \"No Production GoogleService-Info.plist found. Please ensure it's in the proper directory.\"\nexit 1\nfi\n \n# Get a reference to the destination location for the GoogleService-Info.plist\nPLIST_DESTINATION=${BUILT_PRODUCTS_DIR}/${PRODUCT_NAME}.app\necho \"Copy ${GOOGLESERVICE_INFO_PLIST} to final destination: ${PLIST_DESTINATION}\"\n \n# Copy over the prod GoogleService-Info.plist for Release builds\nif [ \"${CONFIGURATION}\" == \"prod-rick&morty\" ]\nthen\necho \"Using ${GOOGLESERVICE_INFO_PROD}\"\ncp \"${GOOGLESERVICE_INFO_PROD}\" \"${PLIST_DESTINATION}\"\nelse\necho \"Using ${GOOGLESERVICE_INFO_DEV}\"\ncp \"${GOOGLESERVICE_INFO_DEV}\" \"${PLIST_DESTINATION}\"\nfi\n";
		};
/* End PBXShellScriptBuildPhase section */

/* Begin PBXSourcesBuildPhase section */
		FA930130299D8059007F36FA /* Sources */ = {
			isa = PBXSourcesBuildPhase;
			buildActionMask = 2147483647;
			files = (
				FA5EE5D9299F772800F7C6D9 /* FirebaseManager.swift in Sources */,
				FAEE463229A405420082013C /* FavoritesViewController.swift in Sources */,
				FA5EE5FB29A03D3900F7C6D9 /* HomeViewModel.swift in Sources */,
				FA5EE5B7299EC6C000F7C6D9 /* UIView+Extensions.swift in Sources */,
				FA930138299D8059007F36FA /* AppDelegate.swift in Sources */,
				FA5EE60029A2AB7700F7C6D9 /* CacheManager.swift in Sources */,
				FA5EE5EC29A015C300F7C6D9 /* HomeViewController.swift in Sources */,
				FA5EE5E2299F9B4400F7C6D9 /* SignInFieldsView.swift in Sources */,
				FA5EE5F529A01D3D00F7C6D9 /* CharacterModel.swift in Sources */,
				FA5EE60729A3ADC500F7C6D9 /* CharacterDetailsViewModel.swift in Sources */,
				FA5EE5C7299ECF8800F7C6D9 /* RegistrationFieldsView.swift in Sources */,
				FA5EE5D5299EFE3D00F7C6D9 /* CheckmarkBox.swift in Sources */,
				FA4D501629A533B4009D9950 /* NetworkManager.swift in Sources */,
				FA5EE5DD299F957200F7C6D9 /* SignInViewController.swift in Sources */,
				FA5EE5D7299F074F00F7C6D9 /* RegisterViewModel.swift in Sources */,
				FA930142299D805A007F36FA /* Rick_Morty.xcdatamodeld in Sources */,
				FA5EE5C0299ECD3100F7C6D9 /* TitledTextField.swift in Sources */,
				FA5EE5F729A0368300F7C6D9 /* ServiceManager.swift in Sources */,
				FAEE463A29A407B80082013C /* CharacterCollectionViewCell.swift in Sources */,
				FA5EE5F229A016A400F7C6D9 /* CharacterTableViewCell.swift in Sources */,
				FA5EE5BC299ECBCB00F7C6D9 /* RegisterViewController.swift in Sources */,
				FA5EE60429A3ADA800F7C6D9 /* CharacterDetailsViewController.swift in Sources */,
				FA4D501929A57A75009D9950 /* UserProfileView.swift in Sources */,
				FA5EE5F929A03AFF00F7C6D9 /* HomeApiManager.swift in Sources */,
				FA5EE5B4299EC60B00F7C6D9 /* BaseView.swift in Sources */,
				FAEE463529A4055F0082013C /* FavoritesViewModel.swift in Sources */,
				FA4D501D29A57DCB009D9950 /* UserModel.swift in Sources */,
				FA5EE5E829A00E4700F7C6D9 /* UIViewController+Extensions.swift in Sources */,
				FA5EE5D0299EFCC600F7C6D9 /* CheckmarkTextView.swift in Sources */,
				FA5EE60C29A3CC8D00F7C6D9 /* CharacterHeaderView.swift in Sources */,
				FA93013A299D8059007F36FA /* SceneDelegate.swift in Sources */,
				FA5EE5E629A004BA00F7C6D9 /* SignInViewModel.swift in Sources */,
			);
			runOnlyForDeploymentPostprocessing = 0;
		};
		FA930149299D806B007F36FA /* Sources */ = {
			isa = PBXSourcesBuildPhase;
			buildActionMask = 2147483647;
			files = (
				FA930152299D806B007F36FA /* Rick_MortyTests.swift in Sources */,
				FA4D501F29A60652009D9950 /* HomeViewModelTests.swift in Sources */,
			);
			runOnlyForDeploymentPostprocessing = 0;
		};
		FA930153299D806B007F36FA /* Sources */ = {
			isa = PBXSourcesBuildPhase;
			buildActionMask = 2147483647;
			files = (
				FA93015C299D806B007F36FA /* Rick_MortyUITests.swift in Sources */,
				FA93015E299D806B007F36FA /* Rick_MortyUITestsLaunchTests.swift in Sources */,
			);
			runOnlyForDeploymentPostprocessing = 0;
		};
/* End PBXSourcesBuildPhase section */

/* Begin PBXTargetDependency section */
		FA93014F299D806B007F36FA /* PBXTargetDependency */ = {
			isa = PBXTargetDependency;
			target = FA930133299D8059007F36FA /* Rick&Morty */;
			targetProxy = FA93014E299D806B007F36FA /* PBXContainerItemProxy */;
		};
		FA930159299D806B007F36FA /* PBXTargetDependency */ = {
			isa = PBXTargetDependency;
			target = FA930133299D8059007F36FA /* Rick&Morty */;
			targetProxy = FA930158299D806B007F36FA /* PBXContainerItemProxy */;
		};
/* End PBXTargetDependency section */

/* Begin PBXVariantGroup section */
		FA93013D299D8059007F36FA /* Main.storyboard */ = {
			isa = PBXVariantGroup;
			children = (
				FA93013E299D8059007F36FA /* Base */,
			);
			name = Main.storyboard;
			sourceTree = "<group>";
		};
		FA930145299D806A007F36FA /* LaunchScreen.storyboard */ = {
			isa = PBXVariantGroup;
			children = (
				FA930146299D806A007F36FA /* Base */,
			);
			name = LaunchScreen.storyboard;
			sourceTree = "<group>";
		};
/* End PBXVariantGroup section */

/* Begin XCBuildConfiguration section */
		FA5EE5A4299E46A900F7C6D9 /* dev-rick&morty */ = {
			isa = XCBuildConfiguration;
			buildSettings = {
				ALWAYS_SEARCH_USER_PATHS = NO;
				CLANG_ANALYZER_NONNULL = YES;
				CLANG_ANALYZER_NUMBER_OBJECT_CONVERSION = YES_AGGRESSIVE;
				CLANG_CXX_LANGUAGE_STANDARD = "gnu++20";
				CLANG_ENABLE_MODULES = YES;
				CLANG_ENABLE_OBJC_ARC = YES;
				CLANG_ENABLE_OBJC_WEAK = YES;
				CLANG_WARN_BLOCK_CAPTURE_AUTORELEASING = YES;
				CLANG_WARN_BOOL_CONVERSION = YES;
				CLANG_WARN_COMMA = YES;
				CLANG_WARN_CONSTANT_CONVERSION = YES;
				CLANG_WARN_DEPRECATED_OBJC_IMPLEMENTATIONS = YES;
				CLANG_WARN_DIRECT_OBJC_ISA_USAGE = YES_ERROR;
				CLANG_WARN_DOCUMENTATION_COMMENTS = YES;
				CLANG_WARN_EMPTY_BODY = YES;
				CLANG_WARN_ENUM_CONVERSION = YES;
				CLANG_WARN_INFINITE_RECURSION = YES;
				CLANG_WARN_INT_CONVERSION = YES;
				CLANG_WARN_NON_LITERAL_NULL_CONVERSION = YES;
				CLANG_WARN_OBJC_IMPLICIT_RETAIN_SELF = YES;
				CLANG_WARN_OBJC_LITERAL_CONVERSION = YES;
				CLANG_WARN_OBJC_ROOT_CLASS = YES_ERROR;
				CLANG_WARN_QUOTED_INCLUDE_IN_FRAMEWORK_HEADER = YES;
				CLANG_WARN_RANGE_LOOP_ANALYSIS = YES;
				CLANG_WARN_STRICT_PROTOTYPES = YES;
				CLANG_WARN_SUSPICIOUS_MOVE = YES;
				CLANG_WARN_UNGUARDED_AVAILABILITY = YES_AGGRESSIVE;
				CLANG_WARN_UNREACHABLE_CODE = YES;
				CLANG_WARN__DUPLICATE_METHOD_MATCH = YES;
				COPY_PHASE_STRIP = NO;
				DEBUG_INFORMATION_FORMAT = dwarf;
				ENABLE_STRICT_OBJC_MSGSEND = YES;
				ENABLE_TESTABILITY = YES;
				GCC_C_LANGUAGE_STANDARD = gnu11;
				GCC_DYNAMIC_NO_PIC = NO;
				GCC_NO_COMMON_BLOCKS = YES;
				GCC_OPTIMIZATION_LEVEL = 0;
				GCC_PREPROCESSOR_DEFINITIONS = (
					"DEBUG=1",
					"$(inherited)",
				);
				GCC_WARN_64_TO_32_BIT_CONVERSION = YES;
				GCC_WARN_ABOUT_RETURN_TYPE = YES_ERROR;
				GCC_WARN_UNDECLARED_SELECTOR = YES;
				GCC_WARN_UNINITIALIZED_AUTOS = YES_AGGRESSIVE;
				GCC_WARN_UNUSED_FUNCTION = YES;
				GCC_WARN_UNUSED_VARIABLE = YES;
				IPHONEOS_DEPLOYMENT_TARGET = 16.2;
				MTL_ENABLE_DEBUG_INFO = INCLUDE_SOURCE;
				MTL_FAST_MATH = YES;
				ONLY_ACTIVE_ARCH = YES;
				SDKROOT = iphoneos;
				SWIFT_ACTIVE_COMPILATION_CONDITIONS = DEV;
				SWIFT_OPTIMIZATION_LEVEL = "-Onone";
			};
			name = "dev-rick&morty";
		};
		FA5EE5A5299E46A900F7C6D9 /* dev-rick&morty */ = {
			isa = XCBuildConfiguration;
			baseConfigurationReference = 11EDD9120D487F4E81170870 /* Pods-Rick&Morty.dev-rick&morty.xcconfig */;
			buildSettings = {
				ASSETCATALOG_COMPILER_APPICON_NAME = AppIcon.dev;
				ASSETCATALOG_COMPILER_GLOBAL_ACCENT_COLOR_NAME = AccentColor;
				"CODE_SIGN_IDENTITY[sdk=iphoneos*]" = "iPhone Distribution";
				CODE_SIGN_STYLE = Manual;
				CURRENT_PROJECT_VERSION = 1;
				DEVELOPMENT_TEAM = 4QVUT6DRG2;
				"DEVELOPMENT_TEAM[sdk=iphoneos*]" = 4QVUT6DRG2;
				GENERATE_INFOPLIST_FILE = YES;
				INFOPLIST_FILE = "Rick&Morty/application/Info.plist";
				INFOPLIST_KEY_UIApplicationSupportsIndirectInputEvents = YES;
				INFOPLIST_KEY_UILaunchStoryboardName = LaunchScreen;
				INFOPLIST_KEY_UIMainStoryboardFile = Main;
				INFOPLIST_KEY_UISupportedInterfaceOrientations = UIInterfaceOrientationPortrait;
				INFOPLIST_KEY_UISupportedInterfaceOrientations_iPad = "UIInterfaceOrientationLandscapeLeft UIInterfaceOrientationLandscapeRight UIInterfaceOrientationPortrait UIInterfaceOrientationPortraitUpsideDown";
				IPHONEOS_DEPLOYMENT_TARGET = 15.0;
				LD_RUNPATH_SEARCH_PATHS = (
					"$(inherited)",
					"@executable_path/Frameworks",
				);
				MARKETING_VERSION = 1.0;
				PRODUCT_BUNDLE_IDENTIFIER = "dev.nikita.goncear.rick-n-morty";
				PRODUCT_NAME = "$(TARGET_NAME)";
				PROVISIONING_PROFILE_SPECIFIER = "";
				"PROVISIONING_PROFILE_SPECIFIER[sdk=iphoneos*]" = "dev.nikita.goncear.rick-n-morty AdHoc";
				SUPPORTED_PLATFORMS = "iphoneos iphonesimulator";
				SUPPORTS_MACCATALYST = NO;
				SUPPORTS_MAC_DESIGNED_FOR_IPHONE_IPAD = NO;
				SWIFT_EMIT_LOC_STRINGS = YES;
				SWIFT_VERSION = 5.0;
				TARGETED_DEVICE_FAMILY = 1;
			};
			name = "dev-rick&morty";
		};
		FA5EE5A6299E46A900F7C6D9 /* dev-rick&morty */ = {
			isa = XCBuildConfiguration;
			baseConfigurationReference = D5967BA43C59A64C59246BB0 /* Pods-Rick&MortyTests.dev-rick&morty.xcconfig */;
			buildSettings = {
				ALWAYS_EMBED_SWIFT_STANDARD_LIBRARIES = YES;
				BUNDLE_LOADER = "$(TEST_HOST)";
				CODE_SIGN_STYLE = Manual;
				CURRENT_PROJECT_VERSION = 1;
				DEVELOPMENT_TEAM = 4QVUT6DRG2;
				GENERATE_INFOPLIST_FILE = YES;
				IPHONEOS_DEPLOYMENT_TARGET = 16.2;
				MARKETING_VERSION = 1.0;
				PRODUCT_BUNDLE_IDENTIFIER = "midnight.rick-n-morty.Rick-MortyTests";
				PRODUCT_NAME = "$(TARGET_NAME)";
				SWIFT_EMIT_LOC_STRINGS = NO;
				SWIFT_VERSION = 5.0;
				TARGETED_DEVICE_FAMILY = "1,2";
				TEST_HOST = "$(BUILT_PRODUCTS_DIR)/Rick&Morty.app/$(BUNDLE_EXECUTABLE_FOLDER_PATH)/Rick&Morty";
			};
			name = "dev-rick&morty";
		};
		FA5EE5A7299E46A900F7C6D9 /* dev-rick&morty */ = {
			isa = XCBuildConfiguration;
			baseConfigurationReference = 4B9E6449861C9D878A589998 /* Pods-Rick&Morty-Rick&MortyUITests.dev-rick&morty.xcconfig */;
			buildSettings = {
				ALWAYS_EMBED_SWIFT_STANDARD_LIBRARIES = YES;
				CODE_SIGN_STYLE = Manual;
				CURRENT_PROJECT_VERSION = 1;
				DEVELOPMENT_TEAM = 4QVUT6DRG2;
				GENERATE_INFOPLIST_FILE = YES;
				MARKETING_VERSION = 1.0;
				PRODUCT_BUNDLE_IDENTIFIER = "midnight.rick-n-morty.Rick-MortyUITests";
				PRODUCT_NAME = "$(TARGET_NAME)";
				SWIFT_EMIT_LOC_STRINGS = NO;
				SWIFT_VERSION = 5.0;
				TARGETED_DEVICE_FAMILY = "1,2";
				TEST_TARGET_NAME = "Rick&Morty";
			};
			name = "dev-rick&morty";
		};
		FA5EE5A8299E46D100F7C6D9 /* prod-rick&morty */ = {
			isa = XCBuildConfiguration;
			buildSettings = {
				ALWAYS_SEARCH_USER_PATHS = NO;
				CLANG_ANALYZER_NONNULL = YES;
				CLANG_ANALYZER_NUMBER_OBJECT_CONVERSION = YES_AGGRESSIVE;
				CLANG_CXX_LANGUAGE_STANDARD = "gnu++20";
				CLANG_ENABLE_MODULES = YES;
				CLANG_ENABLE_OBJC_ARC = YES;
				CLANG_ENABLE_OBJC_WEAK = YES;
				CLANG_WARN_BLOCK_CAPTURE_AUTORELEASING = YES;
				CLANG_WARN_BOOL_CONVERSION = YES;
				CLANG_WARN_COMMA = YES;
				CLANG_WARN_CONSTANT_CONVERSION = YES;
				CLANG_WARN_DEPRECATED_OBJC_IMPLEMENTATIONS = YES;
				CLANG_WARN_DIRECT_OBJC_ISA_USAGE = YES_ERROR;
				CLANG_WARN_DOCUMENTATION_COMMENTS = YES;
				CLANG_WARN_EMPTY_BODY = YES;
				CLANG_WARN_ENUM_CONVERSION = YES;
				CLANG_WARN_INFINITE_RECURSION = YES;
				CLANG_WARN_INT_CONVERSION = YES;
				CLANG_WARN_NON_LITERAL_NULL_CONVERSION = YES;
				CLANG_WARN_OBJC_IMPLICIT_RETAIN_SELF = YES;
				CLANG_WARN_OBJC_LITERAL_CONVERSION = YES;
				CLANG_WARN_OBJC_ROOT_CLASS = YES_ERROR;
				CLANG_WARN_QUOTED_INCLUDE_IN_FRAMEWORK_HEADER = YES;
				CLANG_WARN_RANGE_LOOP_ANALYSIS = YES;
				CLANG_WARN_STRICT_PROTOTYPES = YES;
				CLANG_WARN_SUSPICIOUS_MOVE = YES;
				CLANG_WARN_UNGUARDED_AVAILABILITY = YES_AGGRESSIVE;
				CLANG_WARN_UNREACHABLE_CODE = YES;
				CLANG_WARN__DUPLICATE_METHOD_MATCH = YES;
				COPY_PHASE_STRIP = NO;
				DEBUG_INFORMATION_FORMAT = "dwarf-with-dsym";
				ENABLE_NS_ASSERTIONS = NO;
				ENABLE_STRICT_OBJC_MSGSEND = YES;
				GCC_C_LANGUAGE_STANDARD = gnu11;
				GCC_NO_COMMON_BLOCKS = YES;
				GCC_WARN_64_TO_32_BIT_CONVERSION = YES;
				GCC_WARN_ABOUT_RETURN_TYPE = YES_ERROR;
				GCC_WARN_UNDECLARED_SELECTOR = YES;
				GCC_WARN_UNINITIALIZED_AUTOS = YES_AGGRESSIVE;
				GCC_WARN_UNUSED_FUNCTION = YES;
				GCC_WARN_UNUSED_VARIABLE = YES;
				IPHONEOS_DEPLOYMENT_TARGET = 16.2;
				MTL_ENABLE_DEBUG_INFO = NO;
				MTL_FAST_MATH = YES;
				SDKROOT = iphoneos;
				SWIFT_ACTIVE_COMPILATION_CONDITIONS = PROD;
				SWIFT_COMPILATION_MODE = wholemodule;
				SWIFT_OPTIMIZATION_LEVEL = "-O";
				VALIDATE_PRODUCT = YES;
			};
			name = "prod-rick&morty";
		};
		FA5EE5A9299E46D100F7C6D9 /* prod-rick&morty */ = {
			isa = XCBuildConfiguration;
			baseConfigurationReference = 903299C595F5D7C083B5D2BC /* Pods-Rick&Morty.prod-rick&morty.xcconfig */;
			buildSettings = {
				ASSETCATALOG_COMPILER_APPICON_NAME = AppIcon;
				ASSETCATALOG_COMPILER_GLOBAL_ACCENT_COLOR_NAME = AccentColor;
				CODE_SIGN_STYLE = Manual;
				CURRENT_PROJECT_VERSION = 1;
				DEVELOPMENT_TEAM = 4QVUT6DRG2;
				GENERATE_INFOPLIST_FILE = YES;
				INFOPLIST_FILE = "Rick&Morty/application/Info.plist";
				INFOPLIST_KEY_UIApplicationSupportsIndirectInputEvents = YES;
				INFOPLIST_KEY_UILaunchStoryboardName = LaunchScreen;
				INFOPLIST_KEY_UIMainStoryboardFile = Main;
				INFOPLIST_KEY_UISupportedInterfaceOrientations = UIInterfaceOrientationPortrait;
				INFOPLIST_KEY_UISupportedInterfaceOrientations_iPad = "UIInterfaceOrientationLandscapeLeft UIInterfaceOrientationLandscapeRight UIInterfaceOrientationPortrait UIInterfaceOrientationPortraitUpsideDown";
				IPHONEOS_DEPLOYMENT_TARGET = 15.0;
				LD_RUNPATH_SEARCH_PATHS = (
					"$(inherited)",
					"@executable_path/Frameworks",
				);
				MARKETING_VERSION = 1.0;
				PRODUCT_BUNDLE_IDENTIFIER = "prod.nikita.goncear.rick-n-morty";
				PRODUCT_NAME = "$(TARGET_NAME)";
				SUPPORTED_PLATFORMS = "iphoneos iphonesimulator";
				SUPPORTS_MACCATALYST = NO;
				SUPPORTS_MAC_DESIGNED_FOR_IPHONE_IPAD = NO;
				SWIFT_EMIT_LOC_STRINGS = YES;
				SWIFT_VERSION = 5.0;
				TARGETED_DEVICE_FAMILY = 1;
			};
			name = "prod-rick&morty";
		};
		FA5EE5AA299E46D100F7C6D9 /* prod-rick&morty */ = {
			isa = XCBuildConfiguration;
			baseConfigurationReference = 3A22A2149CCFB60177BA575D /* Pods-Rick&MortyTests.prod-rick&morty.xcconfig */;
			buildSettings = {
				ALWAYS_EMBED_SWIFT_STANDARD_LIBRARIES = YES;
				BUNDLE_LOADER = "$(TEST_HOST)";
				CODE_SIGN_STYLE = Manual;
				CURRENT_PROJECT_VERSION = 1;
				DEVELOPMENT_TEAM = 4QVUT6DRG2;
				GENERATE_INFOPLIST_FILE = YES;
				IPHONEOS_DEPLOYMENT_TARGET = 16.2;
				MARKETING_VERSION = 1.0;
				PRODUCT_BUNDLE_IDENTIFIER = "midnight.rick-n-morty.Rick-MortyTests";
				PRODUCT_NAME = "$(TARGET_NAME)";
				SWIFT_EMIT_LOC_STRINGS = NO;
				SWIFT_VERSION = 5.0;
				TARGETED_DEVICE_FAMILY = "1,2";
				TEST_HOST = "$(BUILT_PRODUCTS_DIR)/Rick&Morty.app/$(BUNDLE_EXECUTABLE_FOLDER_PATH)/Rick&Morty";
			};
			name = "prod-rick&morty";
		};
		FA5EE5AB299E46D100F7C6D9 /* prod-rick&morty */ = {
			isa = XCBuildConfiguration;
			baseConfigurationReference = 6E030FA3C40EF2A88648674B /* Pods-Rick&Morty-Rick&MortyUITests.prod-rick&morty.xcconfig */;
			buildSettings = {
				ALWAYS_EMBED_SWIFT_STANDARD_LIBRARIES = YES;
				CODE_SIGN_STYLE = Manual;
				CURRENT_PROJECT_VERSION = 1;
				DEVELOPMENT_TEAM = 4QVUT6DRG2;
				GENERATE_INFOPLIST_FILE = YES;
				MARKETING_VERSION = 1.0;
				PRODUCT_BUNDLE_IDENTIFIER = "midnight.rick-n-morty.Rick-MortyUITests";
				PRODUCT_NAME = "$(TARGET_NAME)";
				SWIFT_EMIT_LOC_STRINGS = NO;
				SWIFT_VERSION = 5.0;
				TARGETED_DEVICE_FAMILY = "1,2";
				TEST_TARGET_NAME = "Rick&Morty";
			};
			name = "prod-rick&morty";
		};
		FA93015F299D806B007F36FA /* Debug */ = {
			isa = XCBuildConfiguration;
			buildSettings = {
				ALWAYS_SEARCH_USER_PATHS = NO;
				CLANG_ANALYZER_NONNULL = YES;
				CLANG_ANALYZER_NUMBER_OBJECT_CONVERSION = YES_AGGRESSIVE;
				CLANG_CXX_LANGUAGE_STANDARD = "gnu++20";
				CLANG_ENABLE_MODULES = YES;
				CLANG_ENABLE_OBJC_ARC = YES;
				CLANG_ENABLE_OBJC_WEAK = YES;
				CLANG_WARN_BLOCK_CAPTURE_AUTORELEASING = YES;
				CLANG_WARN_BOOL_CONVERSION = YES;
				CLANG_WARN_COMMA = YES;
				CLANG_WARN_CONSTANT_CONVERSION = YES;
				CLANG_WARN_DEPRECATED_OBJC_IMPLEMENTATIONS = YES;
				CLANG_WARN_DIRECT_OBJC_ISA_USAGE = YES_ERROR;
				CLANG_WARN_DOCUMENTATION_COMMENTS = YES;
				CLANG_WARN_EMPTY_BODY = YES;
				CLANG_WARN_ENUM_CONVERSION = YES;
				CLANG_WARN_INFINITE_RECURSION = YES;
				CLANG_WARN_INT_CONVERSION = YES;
				CLANG_WARN_NON_LITERAL_NULL_CONVERSION = YES;
				CLANG_WARN_OBJC_IMPLICIT_RETAIN_SELF = YES;
				CLANG_WARN_OBJC_LITERAL_CONVERSION = YES;
				CLANG_WARN_OBJC_ROOT_CLASS = YES_ERROR;
				CLANG_WARN_QUOTED_INCLUDE_IN_FRAMEWORK_HEADER = YES;
				CLANG_WARN_RANGE_LOOP_ANALYSIS = YES;
				CLANG_WARN_STRICT_PROTOTYPES = YES;
				CLANG_WARN_SUSPICIOUS_MOVE = YES;
				CLANG_WARN_UNGUARDED_AVAILABILITY = YES_AGGRESSIVE;
				CLANG_WARN_UNREACHABLE_CODE = YES;
				CLANG_WARN__DUPLICATE_METHOD_MATCH = YES;
				COPY_PHASE_STRIP = NO;
				DEBUG_INFORMATION_FORMAT = dwarf;
				ENABLE_STRICT_OBJC_MSGSEND = YES;
				ENABLE_TESTABILITY = YES;
				GCC_C_LANGUAGE_STANDARD = gnu11;
				GCC_DYNAMIC_NO_PIC = NO;
				GCC_NO_COMMON_BLOCKS = YES;
				GCC_OPTIMIZATION_LEVEL = 0;
				GCC_PREPROCESSOR_DEFINITIONS = (
					"DEBUG=1",
					"$(inherited)",
				);
				GCC_WARN_64_TO_32_BIT_CONVERSION = YES;
				GCC_WARN_ABOUT_RETURN_TYPE = YES_ERROR;
				GCC_WARN_UNDECLARED_SELECTOR = YES;
				GCC_WARN_UNINITIALIZED_AUTOS = YES_AGGRESSIVE;
				GCC_WARN_UNUSED_FUNCTION = YES;
				GCC_WARN_UNUSED_VARIABLE = YES;
				IPHONEOS_DEPLOYMENT_TARGET = 16.2;
				MTL_ENABLE_DEBUG_INFO = INCLUDE_SOURCE;
				MTL_FAST_MATH = YES;
				ONLY_ACTIVE_ARCH = YES;
				SDKROOT = iphoneos;
				SWIFT_ACTIVE_COMPILATION_CONDITIONS = DEBUG;
				SWIFT_OPTIMIZATION_LEVEL = "-Onone";
			};
			name = Debug;
		};
		FA930160299D806B007F36FA /* Release */ = {
			isa = XCBuildConfiguration;
			buildSettings = {
				ALWAYS_SEARCH_USER_PATHS = NO;
				CLANG_ANALYZER_NONNULL = YES;
				CLANG_ANALYZER_NUMBER_OBJECT_CONVERSION = YES_AGGRESSIVE;
				CLANG_CXX_LANGUAGE_STANDARD = "gnu++20";
				CLANG_ENABLE_MODULES = YES;
				CLANG_ENABLE_OBJC_ARC = YES;
				CLANG_ENABLE_OBJC_WEAK = YES;
				CLANG_WARN_BLOCK_CAPTURE_AUTORELEASING = YES;
				CLANG_WARN_BOOL_CONVERSION = YES;
				CLANG_WARN_COMMA = YES;
				CLANG_WARN_CONSTANT_CONVERSION = YES;
				CLANG_WARN_DEPRECATED_OBJC_IMPLEMENTATIONS = YES;
				CLANG_WARN_DIRECT_OBJC_ISA_USAGE = YES_ERROR;
				CLANG_WARN_DOCUMENTATION_COMMENTS = YES;
				CLANG_WARN_EMPTY_BODY = YES;
				CLANG_WARN_ENUM_CONVERSION = YES;
				CLANG_WARN_INFINITE_RECURSION = YES;
				CLANG_WARN_INT_CONVERSION = YES;
				CLANG_WARN_NON_LITERAL_NULL_CONVERSION = YES;
				CLANG_WARN_OBJC_IMPLICIT_RETAIN_SELF = YES;
				CLANG_WARN_OBJC_LITERAL_CONVERSION = YES;
				CLANG_WARN_OBJC_ROOT_CLASS = YES_ERROR;
				CLANG_WARN_QUOTED_INCLUDE_IN_FRAMEWORK_HEADER = YES;
				CLANG_WARN_RANGE_LOOP_ANALYSIS = YES;
				CLANG_WARN_STRICT_PROTOTYPES = YES;
				CLANG_WARN_SUSPICIOUS_MOVE = YES;
				CLANG_WARN_UNGUARDED_AVAILABILITY = YES_AGGRESSIVE;
				CLANG_WARN_UNREACHABLE_CODE = YES;
				CLANG_WARN__DUPLICATE_METHOD_MATCH = YES;
				COPY_PHASE_STRIP = NO;
				DEBUG_INFORMATION_FORMAT = "dwarf-with-dsym";
				ENABLE_NS_ASSERTIONS = NO;
				ENABLE_STRICT_OBJC_MSGSEND = YES;
				GCC_C_LANGUAGE_STANDARD = gnu11;
				GCC_NO_COMMON_BLOCKS = YES;
				GCC_WARN_64_TO_32_BIT_CONVERSION = YES;
				GCC_WARN_ABOUT_RETURN_TYPE = YES_ERROR;
				GCC_WARN_UNDECLARED_SELECTOR = YES;
				GCC_WARN_UNINITIALIZED_AUTOS = YES_AGGRESSIVE;
				GCC_WARN_UNUSED_FUNCTION = YES;
				GCC_WARN_UNUSED_VARIABLE = YES;
				IPHONEOS_DEPLOYMENT_TARGET = 16.2;
				MTL_ENABLE_DEBUG_INFO = NO;
				MTL_FAST_MATH = YES;
				SDKROOT = iphoneos;
				SWIFT_COMPILATION_MODE = wholemodule;
				SWIFT_OPTIMIZATION_LEVEL = "-O";
				VALIDATE_PRODUCT = YES;
			};
			name = Release;
		};
		FA930162299D806B007F36FA /* Debug */ = {
			isa = XCBuildConfiguration;
			baseConfigurationReference = 4CED1DFBF602CBBCB078254E /* Pods-Rick&Morty.debug.xcconfig */;
			buildSettings = {
				ASSETCATALOG_COMPILER_APPICON_NAME = AppIcon;
				ASSETCATALOG_COMPILER_GLOBAL_ACCENT_COLOR_NAME = AccentColor;
				CODE_SIGN_STYLE = Manual;
				CURRENT_PROJECT_VERSION = 1;
				DEVELOPMENT_TEAM = 4QVUT6DRG2;
				GENERATE_INFOPLIST_FILE = YES;
				INFOPLIST_FILE = "Rick&Morty/application/Info.plist";
				INFOPLIST_KEY_UIApplicationSupportsIndirectInputEvents = YES;
				INFOPLIST_KEY_UILaunchStoryboardName = LaunchScreen;
				INFOPLIST_KEY_UIMainStoryboardFile = Main;
				INFOPLIST_KEY_UISupportedInterfaceOrientations = UIInterfaceOrientationPortrait;
				INFOPLIST_KEY_UISupportedInterfaceOrientations_iPad = "UIInterfaceOrientationLandscapeLeft UIInterfaceOrientationLandscapeRight UIInterfaceOrientationPortrait UIInterfaceOrientationPortraitUpsideDown";
				IPHONEOS_DEPLOYMENT_TARGET = 15.0;
				LD_RUNPATH_SEARCH_PATHS = (
					"$(inherited)",
					"@executable_path/Frameworks",
				);
				MARKETING_VERSION = 1.0;
				PRODUCT_BUNDLE_IDENTIFIER = "nikita.goncear.rick-n-morty";
				PRODUCT_NAME = "$(TARGET_NAME)";
				PROVISIONING_PROFILE_SPECIFIER = "";
				SUPPORTED_PLATFORMS = "iphoneos iphonesimulator";
				SUPPORTS_MACCATALYST = NO;
				SUPPORTS_MAC_DESIGNED_FOR_IPHONE_IPAD = NO;
				SWIFT_EMIT_LOC_STRINGS = YES;
				SWIFT_VERSION = 5.0;
				TARGETED_DEVICE_FAMILY = 1;
			};
			name = Debug;
		};
		FA930163299D806B007F36FA /* Release */ = {
			isa = XCBuildConfiguration;
			baseConfigurationReference = 79204FB0247B5B39FAC34731 /* Pods-Rick&Morty.release.xcconfig */;
			buildSettings = {
				ASSETCATALOG_COMPILER_APPICON_NAME = AppIcon;
				ASSETCATALOG_COMPILER_GLOBAL_ACCENT_COLOR_NAME = AccentColor;
				CODE_SIGN_STYLE = Manual;
				CURRENT_PROJECT_VERSION = 1;
				DEVELOPMENT_TEAM = 4QVUT6DRG2;
				GENERATE_INFOPLIST_FILE = YES;
				INFOPLIST_FILE = "Rick&Morty/application/Info.plist";
				INFOPLIST_KEY_UIApplicationSupportsIndirectInputEvents = YES;
				INFOPLIST_KEY_UILaunchStoryboardName = LaunchScreen;
				INFOPLIST_KEY_UIMainStoryboardFile = Main;
				INFOPLIST_KEY_UISupportedInterfaceOrientations = UIInterfaceOrientationPortrait;
				INFOPLIST_KEY_UISupportedInterfaceOrientations_iPad = "UIInterfaceOrientationLandscapeLeft UIInterfaceOrientationLandscapeRight UIInterfaceOrientationPortrait UIInterfaceOrientationPortraitUpsideDown";
				IPHONEOS_DEPLOYMENT_TARGET = 15.0;
				LD_RUNPATH_SEARCH_PATHS = (
					"$(inherited)",
					"@executable_path/Frameworks",
				);
				MARKETING_VERSION = 1.0;
				PRODUCT_BUNDLE_IDENTIFIER = "nikita.goncear.rick-n-morty";
				PRODUCT_NAME = "$(TARGET_NAME)";
				PROVISIONING_PROFILE_SPECIFIER = "";
				SUPPORTED_PLATFORMS = "iphoneos iphonesimulator";
				SUPPORTS_MACCATALYST = NO;
				SUPPORTS_MAC_DESIGNED_FOR_IPHONE_IPAD = NO;
				SWIFT_EMIT_LOC_STRINGS = YES;
				SWIFT_VERSION = 5.0;
				TARGETED_DEVICE_FAMILY = 1;
			};
			name = Release;
		};
		FA930165299D806B007F36FA /* Debug */ = {
			isa = XCBuildConfiguration;
			baseConfigurationReference = 9F45B0E53B35399F72FEDA20 /* Pods-Rick&MortyTests.debug.xcconfig */;
			buildSettings = {
				ALWAYS_EMBED_SWIFT_STANDARD_LIBRARIES = YES;
				BUNDLE_LOADER = "$(TEST_HOST)";
				CODE_SIGN_STYLE = Manual;
				CURRENT_PROJECT_VERSION = 1;
				DEVELOPMENT_TEAM = 4QVUT6DRG2;
				GENERATE_INFOPLIST_FILE = YES;
				IPHONEOS_DEPLOYMENT_TARGET = 16.2;
				MARKETING_VERSION = 1.0;
				PRODUCT_BUNDLE_IDENTIFIER = "midnight.rick-n-morty.Rick-MortyTests";
				PRODUCT_NAME = "$(TARGET_NAME)";
				SWIFT_EMIT_LOC_STRINGS = NO;
				SWIFT_VERSION = 5.0;
				TARGETED_DEVICE_FAMILY = "1,2";
				TEST_HOST = "$(BUILT_PRODUCTS_DIR)/Rick&Morty.app/$(BUNDLE_EXECUTABLE_FOLDER_PATH)/Rick&Morty";
			};
			name = Debug;
		};
		FA930166299D806B007F36FA /* Release */ = {
			isa = XCBuildConfiguration;
			baseConfigurationReference = D4360C6DF6C0C644F72C8A50 /* Pods-Rick&MortyTests.release.xcconfig */;
			buildSettings = {
				ALWAYS_EMBED_SWIFT_STANDARD_LIBRARIES = YES;
				BUNDLE_LOADER = "$(TEST_HOST)";
				CODE_SIGN_STYLE = Manual;
				CURRENT_PROJECT_VERSION = 1;
				DEVELOPMENT_TEAM = 4QVUT6DRG2;
				GENERATE_INFOPLIST_FILE = YES;
				IPHONEOS_DEPLOYMENT_TARGET = 16.2;
				MARKETING_VERSION = 1.0;
				PRODUCT_BUNDLE_IDENTIFIER = "midnight.rick-n-morty.Rick-MortyTests";
				PRODUCT_NAME = "$(TARGET_NAME)";
				SWIFT_EMIT_LOC_STRINGS = NO;
				SWIFT_VERSION = 5.0;
				TARGETED_DEVICE_FAMILY = "1,2";
				TEST_HOST = "$(BUILT_PRODUCTS_DIR)/Rick&Morty.app/$(BUNDLE_EXECUTABLE_FOLDER_PATH)/Rick&Morty";
			};
			name = Release;
		};
		FA930168299D806B007F36FA /* Debug */ = {
			isa = XCBuildConfiguration;
			baseConfigurationReference = 3CED7302901CD4EAD86F3C77 /* Pods-Rick&Morty-Rick&MortyUITests.debug.xcconfig */;
			buildSettings = {
				ALWAYS_EMBED_SWIFT_STANDARD_LIBRARIES = YES;
				CODE_SIGN_STYLE = Manual;
				CURRENT_PROJECT_VERSION = 1;
				DEVELOPMENT_TEAM = 4QVUT6DRG2;
				GENERATE_INFOPLIST_FILE = YES;
				MARKETING_VERSION = 1.0;
				PRODUCT_BUNDLE_IDENTIFIER = "midnight.rick-n-morty.Rick-MortyUITests";
				PRODUCT_NAME = "$(TARGET_NAME)";
				SWIFT_EMIT_LOC_STRINGS = NO;
				SWIFT_VERSION = 5.0;
				TARGETED_DEVICE_FAMILY = "1,2";
				TEST_TARGET_NAME = "Rick&Morty";
			};
			name = Debug;
		};
		FA930169299D806B007F36FA /* Release */ = {
			isa = XCBuildConfiguration;
			baseConfigurationReference = 5977976788AAAE3FDADB24DD /* Pods-Rick&Morty-Rick&MortyUITests.release.xcconfig */;
			buildSettings = {
				ALWAYS_EMBED_SWIFT_STANDARD_LIBRARIES = YES;
				CODE_SIGN_STYLE = Manual;
				CURRENT_PROJECT_VERSION = 1;
				DEVELOPMENT_TEAM = 4QVUT6DRG2;
				GENERATE_INFOPLIST_FILE = YES;
				MARKETING_VERSION = 1.0;
				PRODUCT_BUNDLE_IDENTIFIER = "midnight.rick-n-morty.Rick-MortyUITests";
				PRODUCT_NAME = "$(TARGET_NAME)";
				SWIFT_EMIT_LOC_STRINGS = NO;
				SWIFT_VERSION = 5.0;
				TARGETED_DEVICE_FAMILY = "1,2";
				TEST_TARGET_NAME = "Rick&Morty";
			};
			name = Release;
		};
/* End XCBuildConfiguration section */

/* Begin XCConfigurationList section */
		FA93012F299D8059007F36FA /* Build configuration list for PBXProject "Rick&Morty" */ = {
			isa = XCConfigurationList;
			buildConfigurations = (
				FA93015F299D806B007F36FA /* Debug */,
				FA5EE5A4299E46A900F7C6D9 /* dev-rick&morty */,
				FA930160299D806B007F36FA /* Release */,
				FA5EE5A8299E46D100F7C6D9 /* prod-rick&morty */,
			);
			defaultConfigurationIsVisible = 0;
			defaultConfigurationName = Release;
		};
		FA930161299D806B007F36FA /* Build configuration list for PBXNativeTarget "Rick&Morty" */ = {
			isa = XCConfigurationList;
			buildConfigurations = (
				FA930162299D806B007F36FA /* Debug */,
				FA5EE5A5299E46A900F7C6D9 /* dev-rick&morty */,
				FA930163299D806B007F36FA /* Release */,
				FA5EE5A9299E46D100F7C6D9 /* prod-rick&morty */,
			);
			defaultConfigurationIsVisible = 0;
			defaultConfigurationName = Release;
		};
		FA930164299D806B007F36FA /* Build configuration list for PBXNativeTarget "Rick&MortyTests" */ = {
			isa = XCConfigurationList;
			buildConfigurations = (
				FA930165299D806B007F36FA /* Debug */,
				FA5EE5A6299E46A900F7C6D9 /* dev-rick&morty */,
				FA930166299D806B007F36FA /* Release */,
				FA5EE5AA299E46D100F7C6D9 /* prod-rick&morty */,
			);
			defaultConfigurationIsVisible = 0;
			defaultConfigurationName = Release;
		};
		FA930167299D806B007F36FA /* Build configuration list for PBXNativeTarget "Rick&MortyUITests" */ = {
			isa = XCConfigurationList;
			buildConfigurations = (
				FA930168299D806B007F36FA /* Debug */,
				FA5EE5A7299E46A900F7C6D9 /* dev-rick&morty */,
				FA930169299D806B007F36FA /* Release */,
				FA5EE5AB299E46D100F7C6D9 /* prod-rick&morty */,
			);
			defaultConfigurationIsVisible = 0;
			defaultConfigurationName = Release;
		};
/* End XCConfigurationList section */

/* Begin XCVersionGroup section */
		FA930140299D805A007F36FA /* Rick_Morty.xcdatamodeld */ = {
			isa = XCVersionGroup;
			children = (
				FA930141299D805A007F36FA /* Rick_Morty.xcdatamodel */,
			);
			currentVersion = FA930141299D805A007F36FA /* Rick_Morty.xcdatamodel */;
			path = Rick_Morty.xcdatamodeld;
			sourceTree = "<group>";
			versionGroupType = wrapper.xcdatamodel;
		};
/* End XCVersionGroup section */
	};
	rootObject = FA93012C299D8059007F36FA /* Project object */;
}
